// !$*UTF8*$!
{
	archiveVersion = 1;
	classes = {
	};
	objectVersion = 52;
	objects = {

/* Begin PBXBuildFile section */
		CE0516EA269EE09E00938BDF /* NewsScreen.swift in Sources */ = {isa = PBXBuildFile; fileRef = CE0516E9269EE09E00938BDF /* NewsScreen.swift */; };
		CE05171A269F03D900938BDF /* AnyTransition.swift in Sources */ = {isa = PBXBuildFile; fileRef = CE051717269F03D900938BDF /* AnyTransition.swift */; };
		CE05171B269F03D900938BDF /* Collection.swift in Sources */ = {isa = PBXBuildFile; fileRef = CE051718269F03D900938BDF /* Collection.swift */; };
		CE05171C269F03D900938BDF /* Optional.swift in Sources */ = {isa = PBXBuildFile; fileRef = CE051719269F03D900938BDF /* Optional.swift */; };
		CE05171F269F041300938BDF /* NewsExtensions.swift in Sources */ = {isa = PBXBuildFile; fileRef = CE05171E269F041300938BDF /* NewsExtensions.swift */; };
		CE051722269F043600938BDF /* NewsViewModel.swift in Sources */ = {isa = PBXBuildFile; fileRef = CE051721269F043600938BDF /* NewsViewModel.swift */; };
		CE051725269F047C00938BDF /* NewsCity.swift in Sources */ = {isa = PBXBuildFile; fileRef = CE051724269F047C00938BDF /* NewsCity.swift */; };
		CE063D742688C0B60011EFA5 /* SuiView.swift in Sources */ = {isa = PBXBuildFile; fileRef = CE063D732688C0B60011EFA5 /* SuiView.swift */; };
		CE39FFFC270ABD4F00018432 /* AnyCodable in Frameworks */ = {isa = PBXBuildFile; productRef = CE39FFFB270ABD4F00018432 /* AnyCodable */; };
		CE540EE426A46EBA0025D87D /* UserScreen.swift in Sources */ = {isa = PBXBuildFile; fileRef = CE540EE326A46EBA0025D87D /* UserScreen.swift */; };
		CE540EEC26A470930025D87D /* UsersScreen.swift in Sources */ = {isa = PBXBuildFile; fileRef = CE540EEB26A470930025D87D /* UsersScreen.swift */; };
		CE540EEF26A47AC50025D87D /* PhonesScreen.swift in Sources */ = {isa = PBXBuildFile; fileRef = CE540EEE26A47AC50025D87D /* PhonesScreen.swift */; };
		CEB4B24726AAF22300E8F600 /* NavigationStack in Frameworks */ = {isa = PBXBuildFile; productRef = CEB4B24626AAF22300E8F600 /* NavigationStack */; };
		CECB80AD2731A7BD00BBC386 /* CacheService.swift in Sources */ = {isa = PBXBuildFile; fileRef = CECB80942731A7BD00BBC386 /* CacheService.swift */; };
		CECB80AE2731A7BD00BBC386 /* ServiceLocator.swift in Sources */ = {isa = PBXBuildFile; fileRef = CECB80952731A7BD00BBC386 /* ServiceLocator.swift */; };
		CECB80AF2731A7BD00BBC386 /* Inject.swift in Sources */ = {isa = PBXBuildFile; fileRef = CECB80962731A7BD00BBC386 /* Inject.swift */; };
		CECB80B02731A7BD00BBC386 /* NetworkingService.swift in Sources */ = {isa = PBXBuildFile; fileRef = CECB80972731A7BD00BBC386 /* NetworkingService.swift */; };
		CECB80B12731A7BD00BBC386 /* AppCore.swift in Sources */ = {isa = PBXBuildFile; fileRef = CECB80982731A7BD00BBC386 /* AppCore.swift */; };
		CECB80B22731A7BD00BBC386 /* RouterService.swift in Sources */ = {isa = PBXBuildFile; fileRef = CECB80992731A7BD00BBC386 /* RouterService.swift */; };
		CECB80B32731A7BD00BBC386 /* APIHelper.swift in Sources */ = {isa = PBXBuildFile; fileRef = CECB809B2731A7BD00BBC386 /* APIHelper.swift */; };
		CECB80B42731A7BD00BBC386 /* URLSessionImplementations.swift in Sources */ = {isa = PBXBuildFile; fileRef = CECB809C2731A7BD00BBC386 /* URLSessionImplementations.swift */; };
		CECB80B52731A7BD00BBC386 /* ArticlesAPI.swift in Sources */ = {isa = PBXBuildFile; fileRef = CECB809E2731A7BD00BBC386 /* ArticlesAPI.swift */; };
		CECB80B62731A7BD00BBC386 /* CodableHelper.swift in Sources */ = {isa = PBXBuildFile; fileRef = CECB809F2731A7BD00BBC386 /* CodableHelper.swift */; };
		CECB80B72731A7BD00BBC386 /* APIs.swift in Sources */ = {isa = PBXBuildFile; fileRef = CECB80A02731A7BD00BBC386 /* APIs.swift */; };
		CECB80B82731A7BD00BBC386 /* OpenISO8601DateFormatter.swift in Sources */ = {isa = PBXBuildFile; fileRef = CECB80A12731A7BD00BBC386 /* OpenISO8601DateFormatter.swift */; };
		CECB80B92731A7BD00BBC386 /* Source.swift in Sources */ = {isa = PBXBuildFile; fileRef = CECB80A32731A7BD00BBC386 /* Source.swift */; };
		CECB80BA2731A7BD00BBC386 /* ArticleList.swift in Sources */ = {isa = PBXBuildFile; fileRef = CECB80A42731A7BD00BBC386 /* ArticleList.swift */; };
		CECB80BB2731A7BD00BBC386 /* Article.swift in Sources */ = {isa = PBXBuildFile; fileRef = CECB80A52731A7BD00BBC386 /* Article.swift */; };
		CECB80BC2731A7BD00BBC386 /* ErrorModel.swift in Sources */ = {isa = PBXBuildFile; fileRef = CECB80A62731A7BD00BBC386 /* ErrorModel.swift */; };
		CECB80BD2731A7BD00BBC386 /* Extensions.swift in Sources */ = {isa = PBXBuildFile; fileRef = CECB80A72731A7BD00BBC386 /* Extensions.swift */; };
		CECB80BE2731A7BD00BBC386 /* JSONDataEncoding.swift in Sources */ = {isa = PBXBuildFile; fileRef = CECB80A82731A7BD00BBC386 /* JSONDataEncoding.swift */; };
		CECB80BF2731A7BD00BBC386 /* JSONEncodingHelper.swift in Sources */ = {isa = PBXBuildFile; fileRef = CECB80A92731A7BD00BBC386 /* JSONEncodingHelper.swift */; };
		CECB80C02731A7BD00BBC386 /* Models.swift in Sources */ = {isa = PBXBuildFile; fileRef = CECB80AA2731A7BD00BBC386 /* Models.swift */; };
		CECB80C12731A7BD00BBC386 /* SynchronizedDictionary.swift in Sources */ = {isa = PBXBuildFile; fileRef = CECB80AB2731A7BD00BBC386 /* SynchronizedDictionary.swift */; };
		CECB80C22731A7BD00BBC386 /* Configuration.swift in Sources */ = {isa = PBXBuildFile; fileRef = CECB80AC2731A7BD00BBC386 /* Configuration.swift */; };
		CED16B4B2680C2E5003182F7 /* PolicyScreen.swift in Sources */ = {isa = PBXBuildFile; fileRef = CED16B4A2680C2E5003182F7 /* PolicyScreen.swift */; };
		CED16B4F2680C4FC003182F7 /* ModalScreen.swift in Sources */ = {isa = PBXBuildFile; fileRef = CED16B4E2680C4FC003182F7 /* ModalScreen.swift */; };
		FA9D093F267A6CDD00BB8A4B /* AppSUIApp.swift in Sources */ = {isa = PBXBuildFile; fileRef = FA9D093E267A6CDD00BB8A4B /* AppSUIApp.swift */; };
		FA9D0941267A6CDD00BB8A4B /* ContentView.swift in Sources */ = {isa = PBXBuildFile; fileRef = FA9D0940267A6CDD00BB8A4B /* ContentView.swift */; };
		FA9D0943267A6CDE00BB8A4B /* Assets.xcassets in Resources */ = {isa = PBXBuildFile; fileRef = FA9D0942267A6CDE00BB8A4B /* Assets.xcassets */; };
		FA9D0946267A6CDE00BB8A4B /* Preview Assets.xcassets in Resources */ = {isa = PBXBuildFile; fileRef = FA9D0945267A6CDE00BB8A4B /* Preview Assets.xcassets */; };
		FA9D094E267A6D8000BB8A4B /* DashboardScreen.swift in Sources */ = {isa = PBXBuildFile; fileRef = FA9D094D267A6D8000BB8A4B /* DashboardScreen.swift */; };
		FA9D0950267A707B00BB8A4B /* AboutScreen.swift in Sources */ = {isa = PBXBuildFile; fileRef = FA9D094F267A707B00BB8A4B /* AboutScreen.swift */; };
		FA9D0953267A729500BB8A4B /* LicensesScreen.swift in Sources */ = {isa = PBXBuildFile; fileRef = FA9D0952267A729500BB8A4B /* LicensesScreen.swift */; };
		FA9D0956267A72ED00BB8A4B /* LazyView.swift in Sources */ = {isa = PBXBuildFile; fileRef = FA9D0955267A72ED00BB8A4B /* LazyView.swift */; };
		FA9D0958267A78B000BB8A4B /* FoodListScreen.swift in Sources */ = {isa = PBXBuildFile; fileRef = FA9D0957267A78B000BB8A4B /* FoodListScreen.swift */; };
/* End PBXBuildFile section */

/* Begin PBXFileReference section */
		CE0516E9269EE09E00938BDF /* NewsScreen.swift */ = {isa = PBXFileReference; lastKnownFileType = sourcecode.swift; path = NewsScreen.swift; sourceTree = "<group>"; };
		CE051717269F03D900938BDF /* AnyTransition.swift */ = {isa = PBXFileReference; fileEncoding = 4; lastKnownFileType = sourcecode.swift; path = AnyTransition.swift; sourceTree = "<group>"; };
		CE051718269F03D900938BDF /* Collection.swift */ = {isa = PBXFileReference; fileEncoding = 4; lastKnownFileType = sourcecode.swift; path = Collection.swift; sourceTree = "<group>"; };
		CE051719269F03D900938BDF /* Optional.swift */ = {isa = PBXFileReference; fileEncoding = 4; lastKnownFileType = sourcecode.swift; path = Optional.swift; sourceTree = "<group>"; };
		CE05171E269F041300938BDF /* NewsExtensions.swift */ = {isa = PBXFileReference; lastKnownFileType = sourcecode.swift; path = NewsExtensions.swift; sourceTree = "<group>"; };
		CE051721269F043600938BDF /* NewsViewModel.swift */ = {isa = PBXFileReference; lastKnownFileType = sourcecode.swift; path = NewsViewModel.swift; sourceTree = "<group>"; };
		CE051724269F047C00938BDF /* NewsCity.swift */ = {isa = PBXFileReference; lastKnownFileType = sourcecode.swift; path = NewsCity.swift; sourceTree = "<group>"; };
		CE063D732688C0B60011EFA5 /* SuiView.swift */ = {isa = PBXFileReference; lastKnownFileType = sourcecode.swift; path = SuiView.swift; sourceTree = "<group>"; };
		CE540EE326A46EBA0025D87D /* UserScreen.swift */ = {isa = PBXFileReference; lastKnownFileType = sourcecode.swift; path = UserScreen.swift; sourceTree = "<group>"; };
		CE540EEB26A470930025D87D /* UsersScreen.swift */ = {isa = PBXFileReference; lastKnownFileType = sourcecode.swift; path = UsersScreen.swift; sourceTree = "<group>"; };
		CE540EEE26A47AC50025D87D /* PhonesScreen.swift */ = {isa = PBXFileReference; lastKnownFileType = sourcecode.swift; path = PhonesScreen.swift; sourceTree = "<group>"; };
		CECB80942731A7BD00BBC386 /* CacheService.swift */ = {isa = PBXFileReference; fileEncoding = 4; lastKnownFileType = sourcecode.swift; path = CacheService.swift; sourceTree = "<group>"; };
		CECB80952731A7BD00BBC386 /* ServiceLocator.swift */ = {isa = PBXFileReference; fileEncoding = 4; lastKnownFileType = sourcecode.swift; path = ServiceLocator.swift; sourceTree = "<group>"; };
		CECB80962731A7BD00BBC386 /* Inject.swift */ = {isa = PBXFileReference; fileEncoding = 4; lastKnownFileType = sourcecode.swift; path = Inject.swift; sourceTree = "<group>"; };
		CECB80972731A7BD00BBC386 /* NetworkingService.swift */ = {isa = PBXFileReference; fileEncoding = 4; lastKnownFileType = sourcecode.swift; path = NetworkingService.swift; sourceTree = "<group>"; };
		CECB80982731A7BD00BBC386 /* AppCore.swift */ = {isa = PBXFileReference; fileEncoding = 4; lastKnownFileType = sourcecode.swift; path = AppCore.swift; sourceTree = "<group>"; };
		CECB80992731A7BD00BBC386 /* RouterService.swift */ = {isa = PBXFileReference; fileEncoding = 4; lastKnownFileType = sourcecode.swift; path = RouterService.swift; sourceTree = "<group>"; };
		CECB809B2731A7BD00BBC386 /* APIHelper.swift */ = {isa = PBXFileReference; fileEncoding = 4; lastKnownFileType = sourcecode.swift; path = APIHelper.swift; sourceTree = "<group>"; };
		CECB809C2731A7BD00BBC386 /* URLSessionImplementations.swift */ = {isa = PBXFileReference; fileEncoding = 4; lastKnownFileType = sourcecode.swift; path = URLSessionImplementations.swift; sourceTree = "<group>"; };
		CECB809E2731A7BD00BBC386 /* ArticlesAPI.swift */ = {isa = PBXFileReference; fileEncoding = 4; lastKnownFileType = sourcecode.swift; path = ArticlesAPI.swift; sourceTree = "<group>"; };
		CECB809F2731A7BD00BBC386 /* CodableHelper.swift */ = {isa = PBXFileReference; fileEncoding = 4; lastKnownFileType = sourcecode.swift; path = CodableHelper.swift; sourceTree = "<group>"; };
		CECB80A02731A7BD00BBC386 /* APIs.swift */ = {isa = PBXFileReference; fileEncoding = 4; lastKnownFileType = sourcecode.swift; path = APIs.swift; sourceTree = "<group>"; };
		CECB80A12731A7BD00BBC386 /* OpenISO8601DateFormatter.swift */ = {isa = PBXFileReference; fileEncoding = 4; lastKnownFileType = sourcecode.swift; path = OpenISO8601DateFormatter.swift; sourceTree = "<group>"; };
		CECB80A32731A7BD00BBC386 /* Source.swift */ = {isa = PBXFileReference; fileEncoding = 4; lastKnownFileType = sourcecode.swift; path = Source.swift; sourceTree = "<group>"; };
		CECB80A42731A7BD00BBC386 /* ArticleList.swift */ = {isa = PBXFileReference; fileEncoding = 4; lastKnownFileType = sourcecode.swift; path = ArticleList.swift; sourceTree = "<group>"; };
		CECB80A52731A7BD00BBC386 /* Article.swift */ = {isa = PBXFileReference; fileEncoding = 4; lastKnownFileType = sourcecode.swift; path = Article.swift; sourceTree = "<group>"; };
		CECB80A62731A7BD00BBC386 /* ErrorModel.swift */ = {isa = PBXFileReference; fileEncoding = 4; lastKnownFileType = sourcecode.swift; path = ErrorModel.swift; sourceTree = "<group>"; };
		CECB80A72731A7BD00BBC386 /* Extensions.swift */ = {isa = PBXFileReference; fileEncoding = 4; lastKnownFileType = sourcecode.swift; path = Extensions.swift; sourceTree = "<group>"; };
		CECB80A82731A7BD00BBC386 /* JSONDataEncoding.swift */ = {isa = PBXFileReference; fileEncoding = 4; lastKnownFileType = sourcecode.swift; path = JSONDataEncoding.swift; sourceTree = "<group>"; };
		CECB80A92731A7BD00BBC386 /* JSONEncodingHelper.swift */ = {isa = PBXFileReference; fileEncoding = 4; lastKnownFileType = sourcecode.swift; path = JSONEncodingHelper.swift; sourceTree = "<group>"; };
		CECB80AA2731A7BD00BBC386 /* Models.swift */ = {isa = PBXFileReference; fileEncoding = 4; lastKnownFileType = sourcecode.swift; path = Models.swift; sourceTree = "<group>"; };
		CECB80AB2731A7BD00BBC386 /* SynchronizedDictionary.swift */ = {isa = PBXFileReference; fileEncoding = 4; lastKnownFileType = sourcecode.swift; path = SynchronizedDictionary.swift; sourceTree = "<group>"; };
		CECB80AC2731A7BD00BBC386 /* Configuration.swift */ = {isa = PBXFileReference; fileEncoding = 4; lastKnownFileType = sourcecode.swift; path = Configuration.swift; sourceTree = "<group>"; };
		CED16B4A2680C2E5003182F7 /* PolicyScreen.swift */ = {isa = PBXFileReference; lastKnownFileType = sourcecode.swift; path = PolicyScreen.swift; sourceTree = "<group>"; };
		CED16B4E2680C4FC003182F7 /* ModalScreen.swift */ = {isa = PBXFileReference; lastKnownFileType = sourcecode.swift; path = ModalScreen.swift; sourceTree = "<group>"; };
		FA9D093B267A6CDD00BB8A4B /* AppSUI.app */ = {isa = PBXFileReference; explicitFileType = wrapper.application; includeInIndex = 0; path = AppSUI.app; sourceTree = BUILT_PRODUCTS_DIR; };
		FA9D093E267A6CDD00BB8A4B /* AppSUIApp.swift */ = {isa = PBXFileReference; lastKnownFileType = sourcecode.swift; path = AppSUIApp.swift; sourceTree = "<group>"; };
		FA9D0940267A6CDD00BB8A4B /* ContentView.swift */ = {isa = PBXFileReference; lastKnownFileType = sourcecode.swift; path = ContentView.swift; sourceTree = "<group>"; };
		FA9D0942267A6CDE00BB8A4B /* Assets.xcassets */ = {isa = PBXFileReference; lastKnownFileType = folder.assetcatalog; path = Assets.xcassets; sourceTree = "<group>"; };
		FA9D0945267A6CDE00BB8A4B /* Preview Assets.xcassets */ = {isa = PBXFileReference; lastKnownFileType = folder.assetcatalog; path = "Preview Assets.xcassets"; sourceTree = "<group>"; };
		FA9D0947267A6CDE00BB8A4B /* Info.plist */ = {isa = PBXFileReference; lastKnownFileType = text.plist.xml; path = Info.plist; sourceTree = "<group>"; };
		FA9D094D267A6D8000BB8A4B /* DashboardScreen.swift */ = {isa = PBXFileReference; lastKnownFileType = sourcecode.swift; path = DashboardScreen.swift; sourceTree = "<group>"; };
		FA9D094F267A707B00BB8A4B /* AboutScreen.swift */ = {isa = PBXFileReference; lastKnownFileType = sourcecode.swift; path = AboutScreen.swift; sourceTree = "<group>"; };
		FA9D0952267A729500BB8A4B /* LicensesScreen.swift */ = {isa = PBXFileReference; lastKnownFileType = sourcecode.swift; path = LicensesScreen.swift; sourceTree = "<group>"; };
		FA9D0955267A72ED00BB8A4B /* LazyView.swift */ = {isa = PBXFileReference; lastKnownFileType = sourcecode.swift; path = LazyView.swift; sourceTree = "<group>"; };
		FA9D0957267A78B000BB8A4B /* FoodListScreen.swift */ = {isa = PBXFileReference; lastKnownFileType = sourcecode.swift; path = FoodListScreen.swift; sourceTree = "<group>"; };
/* End PBXFileReference section */

/* Begin PBXFrameworksBuildPhase section */
		FA9D0938267A6CDD00BB8A4B /* Frameworks */ = {
			isa = PBXFrameworksBuildPhase;
			buildActionMask = 2147483647;
			files = (
				CE39FFFC270ABD4F00018432 /* AnyCodable in Frameworks */,
				CEB4B24726AAF22300E8F600 /* NavigationStack in Frameworks */,
			);
			runOnlyForDeploymentPostprocessing = 0;
		};
/* End PBXFrameworksBuildPhase section */

/* Begin PBXGroup section */
		CE0516E8269EE06D00938BDF /* News */ = {
			isa = PBXGroup;
			children = (
				CE0516E9269EE09E00938BDF /* NewsScreen.swift */,
				CE05171E269F041300938BDF /* NewsExtensions.swift */,
				CE051721269F043600938BDF /* NewsViewModel.swift */,
				CE051724269F047C00938BDF /* NewsCity.swift */,
			);
			path = News;
			sourceTree = "<group>";
		};
		CE0516EF269EE44300938BDF /* Modules */ = {
			isa = PBXGroup;
			children = (
				CECB80932731A7BD00BBC386 /* AppCore */,
				CECB809A2731A7BD00BBC386 /* Networking */,
			);
			path = Modules;
			sourceTree = SOURCE_ROOT;
		};
		CE05170D269EE48D00938BDF /* Frameworks */ = {
			isa = PBXGroup;
			children = (
			);
			name = Frameworks;
			sourceTree = "<group>";
		};
		CE051716269F037A00938BDF /* Extensions */ = {
			isa = PBXGroup;
			children = (
				CE051717269F03D900938BDF /* AnyTransition.swift */,
				CE051718269F03D900938BDF /* Collection.swift */,
				CE051719269F03D900938BDF /* Optional.swift */,
			);
			path = Extensions;
			sourceTree = "<group>";
		};
		CE063D722688C0980011EFA5 /* Views */ = {
			isa = PBXGroup;
			children = (
				CE063D732688C0B60011EFA5 /* SuiView.swift */,
			);
			path = Views;
			sourceTree = "<group>";
		};
		CE540EE226A46E770025D87D /* Dashboard */ = {
			isa = PBXGroup;
			children = (
				CE540EE326A46EBA0025D87D /* UserScreen.swift */,
				CE540EEB26A470930025D87D /* UsersScreen.swift */,
				CE540EEE26A47AC50025D87D /* PhonesScreen.swift */,
			);
			path = Dashboard;
			sourceTree = "<group>";
		};
		CECB80932731A7BD00BBC386 /* AppCore */ = {
			isa = PBXGroup;
			children = (
				CECB80942731A7BD00BBC386 /* CacheService.swift */,
				CECB80952731A7BD00BBC386 /* ServiceLocator.swift */,
				CECB80962731A7BD00BBC386 /* Inject.swift */,
				CECB80972731A7BD00BBC386 /* NetworkingService.swift */,
				CECB80982731A7BD00BBC386 /* AppCore.swift */,
				CECB80992731A7BD00BBC386 /* RouterService.swift */,
			);
			path = AppCore;
			sourceTree = "<group>";
		};
		CECB809A2731A7BD00BBC386 /* Networking */ = {
			isa = PBXGroup;
			children = (
				CECB809B2731A7BD00BBC386 /* APIHelper.swift */,
				CECB809C2731A7BD00BBC386 /* URLSessionImplementations.swift */,
				CECB809D2731A7BD00BBC386 /* APIs */,
				CECB809F2731A7BD00BBC386 /* CodableHelper.swift */,
				CECB80A02731A7BD00BBC386 /* APIs.swift */,
				CECB80A12731A7BD00BBC386 /* OpenISO8601DateFormatter.swift */,
				CECB80A22731A7BD00BBC386 /* Models */,
				CECB80A72731A7BD00BBC386 /* Extensions.swift */,
				CECB80A82731A7BD00BBC386 /* JSONDataEncoding.swift */,
				CECB80A92731A7BD00BBC386 /* JSONEncodingHelper.swift */,
				CECB80AA2731A7BD00BBC386 /* Models.swift */,
				CECB80AB2731A7BD00BBC386 /* SynchronizedDictionary.swift */,
				CECB80AC2731A7BD00BBC386 /* Configuration.swift */,
			);
			path = Networking;
			sourceTree = "<group>";
		};
		CECB809D2731A7BD00BBC386 /* APIs */ = {
			isa = PBXGroup;
			children = (
				CECB809E2731A7BD00BBC386 /* ArticlesAPI.swift */,
			);
			path = APIs;
			sourceTree = "<group>";
		};
		CECB80A22731A7BD00BBC386 /* Models */ = {
			isa = PBXGroup;
			children = (
				CECB80A32731A7BD00BBC386 /* Source.swift */,
				CECB80A42731A7BD00BBC386 /* ArticleList.swift */,
				CECB80A52731A7BD00BBC386 /* Article.swift */,
				CECB80A62731A7BD00BBC386 /* ErrorModel.swift */,
			);
			path = Models;
			sourceTree = "<group>";
		};
		CED16B4D2680C4E4003182F7 /* FoodList */ = {
			isa = PBXGroup;
			children = (
				FA9D0952267A729500BB8A4B /* LicensesScreen.swift */,
				CED16B4A2680C2E5003182F7 /* PolicyScreen.swift */,
			);
			path = FoodList;
			sourceTree = "<group>";
		};
		FA9D0932267A6CDD00BB8A4B = {
			isa = PBXGroup;
			children = (
				FA9D093D267A6CDD00BB8A4B /* AppSUI */,
				FA9D093C267A6CDD00BB8A4B /* Products */,
				CE05170D269EE48D00938BDF /* Frameworks */,
			);
			sourceTree = "<group>";
		};
		FA9D093C267A6CDD00BB8A4B /* Products */ = {
			isa = PBXGroup;
			children = (
				FA9D093B267A6CDD00BB8A4B /* AppSUI.app */,
			);
			name = Products;
			sourceTree = "<group>";
		};
		FA9D093D267A6CDD00BB8A4B /* AppSUI */ = {
			isa = PBXGroup;
			children = (
				CE540EE226A46E770025D87D /* Dashboard */,
				CE051716269F037A00938BDF /* Extensions */,
				CE0516EF269EE44300938BDF /* Modules */,
				CE0516E8269EE06D00938BDF /* News */,
				CE063D722688C0980011EFA5 /* Views */,
				CED16B4D2680C4E4003182F7 /* FoodList */,
				FA9D0954267A72D900BB8A4B /* Modifiers */,
				FA9D0951267A728600BB8A4B /* About */,
				FA9D093E267A6CDD00BB8A4B /* AppSUIApp.swift */,
				FA9D0940267A6CDD00BB8A4B /* ContentView.swift */,
				FA9D0957267A78B000BB8A4B /* FoodListScreen.swift */,
				FA9D094D267A6D8000BB8A4B /* DashboardScreen.swift */,
				FA9D094F267A707B00BB8A4B /* AboutScreen.swift */,
				FA9D0942267A6CDE00BB8A4B /* Assets.xcassets */,
				FA9D0947267A6CDE00BB8A4B /* Info.plist */,
				FA9D0944267A6CDE00BB8A4B /* Preview Content */,
			);
			path = AppSUI;
			sourceTree = "<group>";
		};
		FA9D0944267A6CDE00BB8A4B /* Preview Content */ = {
			isa = PBXGroup;
			children = (
				FA9D0945267A6CDE00BB8A4B /* Preview Assets.xcassets */,
			);
			path = "Preview Content";
			sourceTree = "<group>";
		};
		FA9D0951267A728600BB8A4B /* About */ = {
			isa = PBXGroup;
			children = (
				CED16B4E2680C4FC003182F7 /* ModalScreen.swift */,
			);
			path = About;
			sourceTree = "<group>";
		};
		FA9D0954267A72D900BB8A4B /* Modifiers */ = {
			isa = PBXGroup;
			children = (
				FA9D0955267A72ED00BB8A4B /* LazyView.swift */,
			);
			path = Modifiers;
			sourceTree = "<group>";
		};
/* End PBXGroup section */

/* Begin PBXNativeTarget section */
		FA9D093A267A6CDD00BB8A4B /* AppSUI */ = {
			isa = PBXNativeTarget;
			buildConfigurationList = FA9D094A267A6CDE00BB8A4B /* Build configuration list for PBXNativeTarget "AppSUI" */;
			buildPhases = (
				FA9D0937267A6CDD00BB8A4B /* Sources */,
				FA9D0938267A6CDD00BB8A4B /* Frameworks */,
				FA9D0939267A6CDD00BB8A4B /* Resources */,
			);
			buildRules = (
			);
			dependencies = (
			);
			name = AppSUI;
			packageProductDependencies = (
				CEB4B24626AAF22300E8F600 /* NavigationStack */,
				CE39FFFB270ABD4F00018432 /* AnyCodable */,
			);
			productName = AppSUI;
			productReference = FA9D093B267A6CDD00BB8A4B /* AppSUI.app */;
			productType = "com.apple.product-type.application";
		};
/* End PBXNativeTarget section */

/* Begin PBXProject section */
		FA9D0933267A6CDD00BB8A4B /* Project object */ = {
			isa = PBXProject;
			attributes = {
				LastSwiftUpdateCheck = 1250;
				LastUpgradeCheck = 1250;
				TargetAttributes = {
					FA9D093A267A6CDD00BB8A4B = {
						CreatedOnToolsVersion = 12.5;
					};
				};
			};
			buildConfigurationList = FA9D0936267A6CDD00BB8A4B /* Build configuration list for PBXProject "AppSUI" */;
			compatibilityVersion = "Xcode 9.3";
			developmentRegion = en;
			hasScannedForEncodings = 0;
			knownRegions = (
				en,
				Base,
			);
			mainGroup = FA9D0932267A6CDD00BB8A4B;
			packageReferences = (
				CE53725826AAEF58009F4F8E /* XCRemoteSwiftPackageReference "swiftui-navigation-stack" */,
				CE53725C26AAEF70009F4F8E /* XCRemoteSwiftPackageReference "AnyCodable" */,
			);
			productRefGroup = FA9D093C267A6CDD00BB8A4B /* Products */;
			projectDirPath = "";
			projectRoot = "";
			targets = (
				FA9D093A267A6CDD00BB8A4B /* AppSUI */,
			);
		};
/* End PBXProject section */

/* Begin PBXResourcesBuildPhase section */
		FA9D0939267A6CDD00BB8A4B /* Resources */ = {
			isa = PBXResourcesBuildPhase;
			buildActionMask = 2147483647;
			files = (
				FA9D0946267A6CDE00BB8A4B /* Preview Assets.xcassets in Resources */,
				FA9D0943267A6CDE00BB8A4B /* Assets.xcassets in Resources */,
			);
			runOnlyForDeploymentPostprocessing = 0;
		};
/* End PBXResourcesBuildPhase section */

/* Begin PBXSourcesBuildPhase section */
		FA9D0937267A6CDD00BB8A4B /* Sources */ = {
			isa = PBXSourcesBuildPhase;
			buildActionMask = 2147483647;
			files = (
				CECB80B32731A7BD00BBC386 /* APIHelper.swift in Sources */,
				CE540EEF26A47AC50025D87D /* PhonesScreen.swift in Sources */,
				CED16B4F2680C4FC003182F7 /* ModalScreen.swift in Sources */,
				FA9D0956267A72ED00BB8A4B /* LazyView.swift in Sources */,
				CECB80B02731A7BD00BBC386 /* NetworkingService.swift in Sources */,
				CECB80B12731A7BD00BBC386 /* AppCore.swift in Sources */,
				CECB80BC2731A7BD00BBC386 /* ErrorModel.swift in Sources */,
				FA9D0953267A729500BB8A4B /* LicensesScreen.swift in Sources */,
				FA9D0941267A6CDD00BB8A4B /* ContentView.swift in Sources */,
				CE051725269F047C00938BDF /* NewsCity.swift in Sources */,
				CE05171B269F03D900938BDF /* Collection.swift in Sources */,
				CE05171A269F03D900938BDF /* AnyTransition.swift in Sources */,
				FA9D093F267A6CDD00BB8A4B /* AppSUIApp.swift in Sources */,
				CECB80C12731A7BD00BBC386 /* SynchronizedDictionary.swift in Sources */,
				CECB80B72731A7BD00BBC386 /* APIs.swift in Sources */,
				CECB80BF2731A7BD00BBC386 /* JSONEncodingHelper.swift in Sources */,
				CECB80BD2731A7BD00BBC386 /* Extensions.swift in Sources */,
				FA9D094E267A6D8000BB8A4B /* DashboardScreen.swift in Sources */,
				CECB80BB2731A7BD00BBC386 /* Article.swift in Sources */,
				CECB80BA2731A7BD00BBC386 /* ArticleList.swift in Sources */,
				CECB80C02731A7BD00BBC386 /* Models.swift in Sources */,
				CE540EEC26A470930025D87D /* UsersScreen.swift in Sources */,
				CECB80B42731A7BD00BBC386 /* URLSessionImplementations.swift in Sources */,
				CE051722269F043600938BDF /* NewsViewModel.swift in Sources */,
				CE063D742688C0B60011EFA5 /* SuiView.swift in Sources */,
				CE0516EA269EE09E00938BDF /* NewsScreen.swift in Sources */,
				CECB80AE2731A7BD00BBC386 /* ServiceLocator.swift in Sources */,
				CE05171C269F03D900938BDF /* Optional.swift in Sources */,
				CE05171F269F041300938BDF /* NewsExtensions.swift in Sources */,
				CE540EE426A46EBA0025D87D /* UserScreen.swift in Sources */,
				CECB80C22731A7BD00BBC386 /* Configuration.swift in Sources */,
				CECB80B82731A7BD00BBC386 /* OpenISO8601DateFormatter.swift in Sources */,
				CED16B4B2680C2E5003182F7 /* PolicyScreen.swift in Sources */,
				FA9D0950267A707B00BB8A4B /* AboutScreen.swift in Sources */,
				CECB80B92731A7BD00BBC386 /* Source.swift in Sources */,
				CECB80B22731A7BD00BBC386 /* RouterService.swift in Sources */,
				CECB80AD2731A7BD00BBC386 /* CacheService.swift in Sources */,
				CECB80AF2731A7BD00BBC386 /* Inject.swift in Sources */,
				FA9D0958267A78B000BB8A4B /* FoodListScreen.swift in Sources */,
				CECB80B62731A7BD00BBC386 /* CodableHelper.swift in Sources */,
				CECB80BE2731A7BD00BBC386 /* JSONDataEncoding.swift in Sources */,
				CECB80B52731A7BD00BBC386 /* ArticlesAPI.swift in Sources */,
			);
			runOnlyForDeploymentPostprocessing = 0;
		};
/* End PBXSourcesBuildPhase section */

/* Begin XCBuildConfiguration section */
		FA9D0948267A6CDE00BB8A4B /* Debug */ = {
			isa = XCBuildConfiguration;
			buildSettings = {
				ALWAYS_SEARCH_USER_PATHS = NO;
				CLANG_ANALYZER_NONNULL = YES;
				CLANG_ANALYZER_NUMBER_OBJECT_CONVERSION = YES_AGGRESSIVE;
				CLANG_CXX_LANGUAGE_STANDARD = "gnu++14";
				CLANG_CXX_LIBRARY = "libc++";
				CLANG_ENABLE_MODULES = YES;
				CLANG_ENABLE_OBJC_ARC = YES;
				CLANG_ENABLE_OBJC_WEAK = YES;
				CLANG_WARN_BLOCK_CAPTURE_AUTORELEASING = YES;
				CLANG_WARN_BOOL_CONVERSION = YES;
				CLANG_WARN_COMMA = YES;
				CLANG_WARN_CONSTANT_CONVERSION = YES;
				CLANG_WARN_DEPRECATED_OBJC_IMPLEMENTATIONS = YES;
				CLANG_WARN_DIRECT_OBJC_ISA_USAGE = YES_ERROR;
				CLANG_WARN_DOCUMENTATION_COMMENTS = YES;
				CLANG_WARN_EMPTY_BODY = YES;
				CLANG_WARN_ENUM_CONVERSION = YES;
				CLANG_WARN_INFINITE_RECURSION = YES;
				CLANG_WARN_INT_CONVERSION = YES;
				CLANG_WARN_NON_LITERAL_NULL_CONVERSION = YES;
				CLANG_WARN_OBJC_IMPLICIT_RETAIN_SELF = YES;
				CLANG_WARN_OBJC_LITERAL_CONVERSION = YES;
				CLANG_WARN_OBJC_ROOT_CLASS = YES_ERROR;
				CLANG_WARN_QUOTED_INCLUDE_IN_FRAMEWORK_HEADER = YES;
				CLANG_WARN_RANGE_LOOP_ANALYSIS = YES;
				CLANG_WARN_STRICT_PROTOTYPES = YES;
				CLANG_WARN_SUSPICIOUS_MOVE = YES;
				CLANG_WARN_UNGUARDED_AVAILABILITY = YES_AGGRESSIVE;
				CLANG_WARN_UNREACHABLE_CODE = YES;
				CLANG_WARN__DUPLICATE_METHOD_MATCH = YES;
				COPY_PHASE_STRIP = NO;
				DEBUG_INFORMATION_FORMAT = dwarf;
				ENABLE_STRICT_OBJC_MSGSEND = YES;
				ENABLE_TESTABILITY = YES;
				GCC_C_LANGUAGE_STANDARD = gnu11;
				GCC_DYNAMIC_NO_PIC = NO;
				GCC_NO_COMMON_BLOCKS = YES;
				GCC_OPTIMIZATION_LEVEL = 0;
				GCC_PREPROCESSOR_DEFINITIONS = (
					"DEBUG=1",
					"$(inherited)",
				);
				GCC_WARN_64_TO_32_BIT_CONVERSION = YES;
				GCC_WARN_ABOUT_RETURN_TYPE = YES_ERROR;
				GCC_WARN_UNDECLARED_SELECTOR = YES;
				GCC_WARN_UNINITIALIZED_AUTOS = YES_AGGRESSIVE;
				GCC_WARN_UNUSED_FUNCTION = YES;
				GCC_WARN_UNUSED_VARIABLE = YES;
				IPHONEOS_DEPLOYMENT_TARGET = 14.5;
				MTL_ENABLE_DEBUG_INFO = INCLUDE_SOURCE;
				MTL_FAST_MATH = YES;
				ONLY_ACTIVE_ARCH = YES;
				SDKROOT = iphoneos;
				SWIFT_ACTIVE_COMPILATION_CONDITIONS = DEBUG;
				SWIFT_OPTIMIZATION_LEVEL = "-Onone";
			};
			name = Debug;
		};
		FA9D0949267A6CDE00BB8A4B /* Release */ = {
			isa = XCBuildConfiguration;
			buildSettings = {
				ALWAYS_SEARCH_USER_PATHS = NO;
				CLANG_ANALYZER_NONNULL = YES;
				CLANG_ANALYZER_NUMBER_OBJECT_CONVERSION = YES_AGGRESSIVE;
				CLANG_CXX_LANGUAGE_STANDARD = "gnu++14";
				CLANG_CXX_LIBRARY = "libc++";
				CLANG_ENABLE_MODULES = YES;
				CLANG_ENABLE_OBJC_ARC = YES;
				CLANG_ENABLE_OBJC_WEAK = YES;
				CLANG_WARN_BLOCK_CAPTURE_AUTORELEASING = YES;
				CLANG_WARN_BOOL_CONVERSION = YES;
				CLANG_WARN_COMMA = YES;
				CLANG_WARN_CONSTANT_CONVERSION = YES;
				CLANG_WARN_DEPRECATED_OBJC_IMPLEMENTATIONS = YES;
				CLANG_WARN_DIRECT_OBJC_ISA_USAGE = YES_ERROR;
				CLANG_WARN_DOCUMENTATION_COMMENTS = YES;
				CLANG_WARN_EMPTY_BODY = YES;
				CLANG_WARN_ENUM_CONVERSION = YES;
				CLANG_WARN_INFINITE_RECURSION = YES;
				CLANG_WARN_INT_CONVERSION = YES;
				CLANG_WARN_NON_LITERAL_NULL_CONVERSION = YES;
				CLANG_WARN_OBJC_IMPLICIT_RETAIN_SELF = YES;
				CLANG_WARN_OBJC_LITERAL_CONVERSION = YES;
				CLANG_WARN_OBJC_ROOT_CLASS = YES_ERROR;
				CLANG_WARN_QUOTED_INCLUDE_IN_FRAMEWORK_HEADER = YES;
				CLANG_WARN_RANGE_LOOP_ANALYSIS = YES;
				CLANG_WARN_STRICT_PROTOTYPES = YES;
				CLANG_WARN_SUSPICIOUS_MOVE = YES;
				CLANG_WARN_UNGUARDED_AVAILABILITY = YES_AGGRESSIVE;
				CLANG_WARN_UNREACHABLE_CODE = YES;
				CLANG_WARN__DUPLICATE_METHOD_MATCH = YES;
				COPY_PHASE_STRIP = NO;
				DEBUG_INFORMATION_FORMAT = "dwarf-with-dsym";
				ENABLE_NS_ASSERTIONS = NO;
				ENABLE_STRICT_OBJC_MSGSEND = YES;
				GCC_C_LANGUAGE_STANDARD = gnu11;
				GCC_NO_COMMON_BLOCKS = YES;
				GCC_WARN_64_TO_32_BIT_CONVERSION = YES;
				GCC_WARN_ABOUT_RETURN_TYPE = YES_ERROR;
				GCC_WARN_UNDECLARED_SELECTOR = YES;
				GCC_WARN_UNINITIALIZED_AUTOS = YES_AGGRESSIVE;
				GCC_WARN_UNUSED_FUNCTION = YES;
				GCC_WARN_UNUSED_VARIABLE = YES;
				IPHONEOS_DEPLOYMENT_TARGET = 14.5;
				MTL_ENABLE_DEBUG_INFO = NO;
				MTL_FAST_MATH = YES;
				SDKROOT = iphoneos;
				SWIFT_COMPILATION_MODE = wholemodule;
				SWIFT_OPTIMIZATION_LEVEL = "-O";
				VALIDATE_PRODUCT = YES;
			};
			name = Release;
		};
		FA9D094B267A6CDE00BB8A4B /* Debug */ = {
			isa = XCBuildConfiguration;
			buildSettings = {
				ASSETCATALOG_COMPILER_APPICON_NAME = AppIcon;
				ASSETCATALOG_COMPILER_GLOBAL_ACCENT_COLOR_NAME = AccentColor;
				CODE_SIGN_STYLE = Automatic;
				DEVELOPMENT_ASSET_PATHS = "\"AppSUI/Preview Content\"";
				DEVELOPMENT_TEAM = "";
				ENABLE_PREVIEWS = YES;
				INFOPLIST_FILE = AppSUI/Info.plist;
				IPHONEOS_DEPLOYMENT_TARGET = 14.0;
				LD_RUNPATH_SEARCH_PATHS = (
					"$(inherited)",
					"@executable_path/Frameworks",
				);
				PRODUCT_BUNDLE_IDENTIFIER = vitalya.AppSUI;
				PRODUCT_NAME = "$(TARGET_NAME)";
				SWIFT_VERSION = 5.0;
				TARGETED_DEVICE_FAMILY = "1,2";
			};
			name = Debug;
		};
		FA9D094C267A6CDE00BB8A4B /* Release */ = {
			isa = XCBuildConfiguration;
			buildSettings = {
				ASSETCATALOG_COMPILER_APPICON_NAME = AppIcon;
				ASSETCATALOG_COMPILER_GLOBAL_ACCENT_COLOR_NAME = AccentColor;
				CODE_SIGN_STYLE = Automatic;
				DEVELOPMENT_ASSET_PATHS = "\"AppSUI/Preview Content\"";
				DEVELOPMENT_TEAM = "";
				ENABLE_PREVIEWS = YES;
				INFOPLIST_FILE = AppSUI/Info.plist;
				IPHONEOS_DEPLOYMENT_TARGET = 14.0;
				LD_RUNPATH_SEARCH_PATHS = (
					"$(inherited)",
					"@executable_path/Frameworks",
				);
				PRODUCT_BUNDLE_IDENTIFIER = vitalya.AppSUI;
				PRODUCT_NAME = "$(TARGET_NAME)";
				SWIFT_VERSION = 5.0;
				TARGETED_DEVICE_FAMILY = "1,2";
			};
			name = Release;
		};
/* End XCBuildConfiguration section */

/* Begin XCConfigurationList section */
		FA9D0936267A6CDD00BB8A4B /* Build configuration list for PBXProject "AppSUI" */ = {
			isa = XCConfigurationList;
			buildConfigurations = (
				FA9D0948267A6CDE00BB8A4B /* Debug */,
				FA9D0949267A6CDE00BB8A4B /* Release */,
			);
			defaultConfigurationIsVisible = 0;
			defaultConfigurationName = Release;
		};
		FA9D094A267A6CDE00BB8A4B /* Build configuration list for PBXNativeTarget "AppSUI" */ = {
			isa = XCConfigurationList;
			buildConfigurations = (
				FA9D094B267A6CDE00BB8A4B /* Debug */,
				FA9D094C267A6CDE00BB8A4B /* Release */,
			);
			defaultConfigurationIsVisible = 0;
			defaultConfigurationName = Release;
		};
/* End XCConfigurationList section */

/* Begin XCRemoteSwiftPackageReference section */
		CE53725826AAEF58009F4F8E /* XCRemoteSwiftPackageReference "swiftui-navigation-stack" */ = {
			isa = XCRemoteSwiftPackageReference;
			repositoryURL = "https://github.com/matteopuc/swiftui-navigation-stack.git";
			requirement = {
				kind = upToNextMajorVersion;
				minimumVersion = 1.0.3;
			};
		};
		CE53725C26AAEF70009F4F8E /* XCRemoteSwiftPackageReference "AnyCodable" */ = {
			isa = XCRemoteSwiftPackageReference;
			repositoryURL = "https://github.com/Flight-School/AnyCodable.git";
			requirement = {
				kind = upToNextMajorVersion;
				minimumVersion = 0.6.1;
			};
		};
/* End XCRemoteSwiftPackageReference section */

/* Begin XCSwiftPackageProductDependency section */
		CE39FFFB270ABD4F00018432 /* AnyCodable */ = {
			isa = XCSwiftPackageProductDependency;
			package = CE53725C26AAEF70009F4F8E /* XCRemoteSwiftPackageReference "AnyCodable" */;
			productName = AnyCodable;
		};
		CEB4B24626AAF22300E8F600 /* NavigationStack */ = {
			isa = XCSwiftPackageProductDependency;
			package = CE53725826AAEF58009F4F8E /* XCRemoteSwiftPackageReference "swiftui-navigation-stack" */;
			productName = NavigationStack;
		};
/* End XCSwiftPackageProductDependency section */
	};
	rootObject = FA9D0933267A6CDD00BB8A4B /* Project object */;
}
