// !$*UTF8*$!
{
	archiveVersion = 1;
	classes = {
	};
	objectVersion = 50;
	objects = {

/* Begin PBXBuildFile section */
		CE063D742688C0B60011EFA5 /* SuiView.swift in Sources */ = {isa = PBXBuildFile; fileRef = CE063D732688C0B60011EFA5 /* SuiView.swift */; };
		CED16B48268095F2003182F7 /* Router.swift in Sources */ = {isa = PBXBuildFile; fileRef = CED16B47268095F2003182F7 /* Router.swift */; };
		CED16B4B2680C2E5003182F7 /* PolicyScreen.swift in Sources */ = {isa = PBXBuildFile; fileRef = CED16B4A2680C2E5003182F7 /* PolicyScreen.swift */; };
		CED16B4F2680C4FC003182F7 /* ModalScreen.swift in Sources */ = {isa = PBXBuildFile; fileRef = CED16B4E2680C4FC003182F7 /* ModalScreen.swift */; };
		FA9D093F267A6CDD00BB8A4B /* AppSUIApp.swift in Sources */ = {isa = PBXBuildFile; fileRef = FA9D093E267A6CDD00BB8A4B /* AppSUIApp.swift */; };
		FA9D0941267A6CDD00BB8A4B /* ContentView.swift in Sources */ = {isa = PBXBuildFile; fileRef = FA9D0940267A6CDD00BB8A4B /* ContentView.swift */; };
		FA9D0943267A6CDE00BB8A4B /* Assets.xcassets in Resources */ = {isa = PBXBuildFile; fileRef = FA9D0942267A6CDE00BB8A4B /* Assets.xcassets */; };
		FA9D0946267A6CDE00BB8A4B /* Preview Assets.xcassets in Resources */ = {isa = PBXBuildFile; fileRef = FA9D0945267A6CDE00BB8A4B /* Preview Assets.xcassets */; };
		FA9D094E267A6D8000BB8A4B /* DashboardScreen.swift in Sources */ = {isa = PBXBuildFile; fileRef = FA9D094D267A6D8000BB8A4B /* DashboardScreen.swift */; };
		FA9D0950267A707B00BB8A4B /* AboutScreen.swift in Sources */ = {isa = PBXBuildFile; fileRef = FA9D094F267A707B00BB8A4B /* AboutScreen.swift */; };
		FA9D0953267A729500BB8A4B /* LicensesScreen.swift in Sources */ = {isa = PBXBuildFile; fileRef = FA9D0952267A729500BB8A4B /* LicensesScreen.swift */; };
		FA9D0956267A72ED00BB8A4B /* LazyView.swift in Sources */ = {isa = PBXBuildFile; fileRef = FA9D0955267A72ED00BB8A4B /* LazyView.swift */; };
		FA9D0958267A78B000BB8A4B /* FoodListScreen.swift in Sources */ = {isa = PBXBuildFile; fileRef = FA9D0957267A78B000BB8A4B /* FoodListScreen.swift */; };
/* End PBXBuildFile section */

/* Begin PBXFileReference section */
		CE063D732688C0B60011EFA5 /* SuiView.swift */ = {isa = PBXFileReference; lastKnownFileType = sourcecode.swift; path = SuiView.swift; sourceTree = "<group>"; };
		CED16B47268095F2003182F7 /* Router.swift */ = {isa = PBXFileReference; lastKnownFileType = sourcecode.swift; path = Router.swift; sourceTree = "<group>"; };
		CED16B4A2680C2E5003182F7 /* PolicyScreen.swift */ = {isa = PBXFileReference; lastKnownFileType = sourcecode.swift; path = PolicyScreen.swift; sourceTree = "<group>"; };
		CED16B4E2680C4FC003182F7 /* ModalScreen.swift */ = {isa = PBXFileReference; lastKnownFileType = sourcecode.swift; path = ModalScreen.swift; sourceTree = "<group>"; };
		FA9D093B267A6CDD00BB8A4B /* AppSUI.app */ = {isa = PBXFileReference; explicitFileType = wrapper.application; includeInIndex = 0; path = AppSUI.app; sourceTree = BUILT_PRODUCTS_DIR; };
		FA9D093E267A6CDD00BB8A4B /* AppSUIApp.swift */ = {isa = PBXFileReference; lastKnownFileType = sourcecode.swift; path = AppSUIApp.swift; sourceTree = "<group>"; };
		FA9D0940267A6CDD00BB8A4B /* ContentView.swift */ = {isa = PBXFileReference; lastKnownFileType = sourcecode.swift; path = ContentView.swift; sourceTree = "<group>"; };
		FA9D0942267A6CDE00BB8A4B /* Assets.xcassets */ = {isa = PBXFileReference; lastKnownFileType = folder.assetcatalog; path = Assets.xcassets; sourceTree = "<group>"; };
		FA9D0945267A6CDE00BB8A4B /* Preview Assets.xcassets */ = {isa = PBXFileReference; lastKnownFileType = folder.assetcatalog; path = "Preview Assets.xcassets"; sourceTree = "<group>"; };
		FA9D0947267A6CDE00BB8A4B /* Info.plist */ = {isa = PBXFileReference; lastKnownFileType = text.plist.xml; path = Info.plist; sourceTree = "<group>"; };
		FA9D094D267A6D8000BB8A4B /* DashboardScreen.swift */ = {isa = PBXFileReference; lastKnownFileType = sourcecode.swift; path = DashboardScreen.swift; sourceTree = "<group>"; };
		FA9D094F267A707B00BB8A4B /* AboutScreen.swift */ = {isa = PBXFileReference; lastKnownFileType = sourcecode.swift; path = AboutScreen.swift; sourceTree = "<group>"; };
		FA9D0952267A729500BB8A4B /* LicensesScreen.swift */ = {isa = PBXFileReference; lastKnownFileType = sourcecode.swift; path = LicensesScreen.swift; sourceTree = "<group>"; };
		FA9D0955267A72ED00BB8A4B /* LazyView.swift */ = {isa = PBXFileReference; lastKnownFileType = sourcecode.swift; path = LazyView.swift; sourceTree = "<group>"; };
		FA9D0957267A78B000BB8A4B /* FoodListScreen.swift */ = {isa = PBXFileReference; lastKnownFileType = sourcecode.swift; path = FoodListScreen.swift; sourceTree = "<group>"; };
/* End PBXFileReference section */

/* Begin PBXFrameworksBuildPhase section */
		FA9D0938267A6CDD00BB8A4B /* Frameworks */ = {
			isa = PBXFrameworksBuildPhase;
			buildActionMask = 2147483647;
			files = (
			);
			runOnlyForDeploymentPostprocessing = 0;
		};
/* End PBXFrameworksBuildPhase section */

/* Begin PBXGroup section */
		CE063D702688BE4E0011EFA5 /* Services */ = {
			isa = PBXGroup;
			children = (
				CED16B47268095F2003182F7 /* Router.swift */,
			);
			path = Services;
			sourceTree = "<group>";
		};
		CE063D722688C0980011EFA5 /* Views */ = {
			isa = PBXGroup;
			children = (
				CE063D732688C0B60011EFA5 /* SuiView.swift */,
			);
			path = Views;
			sourceTree = "<group>";
		};
		CED16B4D2680C4E4003182F7 /* FoodList */ = {
			isa = PBXGroup;
			children = (
				FA9D0952267A729500BB8A4B /* LicensesScreen.swift */,
				CED16B4A2680C2E5003182F7 /* PolicyScreen.swift */,
			);
			path = FoodList;
			sourceTree = "<group>";
		};
		FA9D0932267A6CDD00BB8A4B = {
			isa = PBXGroup;
			children = (
				FA9D093D267A6CDD00BB8A4B /* AppSUI */,
				FA9D093C267A6CDD00BB8A4B /* Products */,
			);
			sourceTree = "<group>";
		};
		FA9D093C267A6CDD00BB8A4B /* Products */ = {
			isa = PBXGroup;
			children = (
				FA9D093B267A6CDD00BB8A4B /* AppSUI.app */,
			);
			name = Products;
			sourceTree = "<group>";
		};
		FA9D093D267A6CDD00BB8A4B /* AppSUI */ = {
			isa = PBXGroup;
			children = (
				CE063D722688C0980011EFA5 /* Views */,
				CE063D702688BE4E0011EFA5 /* Services */,
				CED16B4D2680C4E4003182F7 /* FoodList */,
				FA9D0954267A72D900BB8A4B /* Modifiers */,
				FA9D0951267A728600BB8A4B /* About */,
				FA9D093E267A6CDD00BB8A4B /* AppSUIApp.swift */,
				FA9D0940267A6CDD00BB8A4B /* ContentView.swift */,
				FA9D0957267A78B000BB8A4B /* FoodListScreen.swift */,
				FA9D094D267A6D8000BB8A4B /* DashboardScreen.swift */,
				FA9D094F267A707B00BB8A4B /* AboutScreen.swift */,
				FA9D0942267A6CDE00BB8A4B /* Assets.xcassets */,
				FA9D0947267A6CDE00BB8A4B /* Info.plist */,
				FA9D0944267A6CDE00BB8A4B /* Preview Content */,
			);
			path = AppSUI;
			sourceTree = "<group>";
		};
		FA9D0944267A6CDE00BB8A4B /* Preview Content */ = {
			isa = PBXGroup;
			children = (
				FA9D0945267A6CDE00BB8A4B /* Preview Assets.xcassets */,
			);
			path = "Preview Content";
			sourceTree = "<group>";
		};
		FA9D0951267A728600BB8A4B /* About */ = {
			isa = PBXGroup;
			children = (
				CED16B4E2680C4FC003182F7 /* ModalScreen.swift */,
			);
			path = About;
			sourceTree = "<group>";
		};
		FA9D0954267A72D900BB8A4B /* Modifiers */ = {
			isa = PBXGroup;
			children = (
				FA9D0955267A72ED00BB8A4B /* LazyView.swift */,
			);
			path = Modifiers;
			sourceTree = "<group>";
		};
/* End PBXGroup section */

/* Begin PBXNativeTarget section */
		FA9D093A267A6CDD00BB8A4B /* AppSUI */ = {
			isa = PBXNativeTarget;
			buildConfigurationList = FA9D094A267A6CDE00BB8A4B /* Build configuration list for PBXNativeTarget "AppSUI" */;
			buildPhases = (
				FA9D0937267A6CDD00BB8A4B /* Sources */,
				FA9D0938267A6CDD00BB8A4B /* Frameworks */,
				FA9D0939267A6CDD00BB8A4B /* Resources */,
			);
			buildRules = (
			);
			dependencies = (
			);
			name = AppSUI;
			productName = AppSUI;
			productReference = FA9D093B267A6CDD00BB8A4B /* AppSUI.app */;
			productType = "com.apple.product-type.application";
		};
/* End PBXNativeTarget section */

/* Begin PBXProject section */
		FA9D0933267A6CDD00BB8A4B /* Project object */ = {
			isa = PBXProject;
			attributes = {
				LastSwiftUpdateCheck = 1250;
				LastUpgradeCheck = 1250;
				TargetAttributes = {
					FA9D093A267A6CDD00BB8A4B = {
						CreatedOnToolsVersion = 12.5;
					};
				};
			};
			buildConfigurationList = FA9D0936267A6CDD00BB8A4B /* Build configuration list for PBXProject "AppSUI" */;
			compatibilityVersion = "Xcode 9.3";
			developmentRegion = en;
			hasScannedForEncodings = 0;
			knownRegions = (
				en,
				Base,
			);
			mainGroup = FA9D0932267A6CDD00BB8A4B;
			productRefGroup = FA9D093C267A6CDD00BB8A4B /* Products */;
			projectDirPath = "";
			projectRoot = "";
			targets = (
				FA9D093A267A6CDD00BB8A4B /* AppSUI */,
			);
		};
/* End PBXProject section */

/* Begin PBXResourcesBuildPhase section */
		FA9D0939267A6CDD00BB8A4B /* Resources */ = {
			isa = PBXResourcesBuildPhase;
			buildActionMask = 2147483647;
			files = (
				FA9D0946267A6CDE00BB8A4B /* Preview Assets.xcassets in Resources */,
				FA9D0943267A6CDE00BB8A4B /* Assets.xcassets in Resources */,
			);
			runOnlyForDeploymentPostprocessing = 0;
		};
/* End PBXResourcesBuildPhase section */

/* Begin PBXSourcesBuildPhase section */
		FA9D0937267A6CDD00BB8A4B /* Sources */ = {
			isa = PBXSourcesBuildPhase;
			buildActionMask = 2147483647;
			files = (
				CED16B48268095F2003182F7 /* Router.swift in Sources */,
				CED16B4F2680C4FC003182F7 /* ModalScreen.swift in Sources */,
				FA9D0956267A72ED00BB8A4B /* LazyView.swift in Sources */,
				FA9D0953267A729500BB8A4B /* LicensesScreen.swift in Sources */,
				FA9D0941267A6CDD00BB8A4B /* ContentView.swift in Sources */,
				FA9D093F267A6CDD00BB8A4B /* AppSUIApp.swift in Sources */,
				FA9D094E267A6D8000BB8A4B /* DashboardScreen.swift in Sources */,
				CE063D742688C0B60011EFA5 /* SuiView.swift in Sources */,
				CED16B4B2680C2E5003182F7 /* PolicyScreen.swift in Sources */,
				FA9D0950267A707B00BB8A4B /* AboutScreen.swift in Sources */,
				FA9D0958267A78B000BB8A4B /* FoodListScreen.swift in Sources */,
			);
			runOnlyForDeploymentPostprocessing = 0;
		};
/* End PBXSourcesBuildPhase section */

/* Begin XCBuildConfiguration section */
		FA9D0948267A6CDE00BB8A4B /* Debug */ = {
			isa = XCBuildConfiguration;
			buildSettings = {
				ALWAYS_SEARCH_USER_PATHS = NO;
				CLANG_ANALYZER_NONNULL = YES;
				CLANG_ANALYZER_NUMBER_OBJECT_CONVERSION = YES_AGGRESSIVE;
				CLANG_CXX_LANGUAGE_STANDARD = "gnu++14";
				CLANG_CXX_LIBRARY = "libc++";
				CLANG_ENABLE_MODULES = YES;
				CLANG_ENABLE_OBJC_ARC = YES;
				CLANG_ENABLE_OBJC_WEAK = YES;
				CLANG_WARN_BLOCK_CAPTURE_AUTORELEASING = YES;
				CLANG_WARN_BOOL_CONVERSION = YES;
				CLANG_WARN_COMMA = YES;
				CLANG_WARN_CONSTANT_CONVERSION = YES;
				CLANG_WARN_DEPRECATED_OBJC_IMPLEMENTATIONS = YES;
				CLANG_WARN_DIRECT_OBJC_ISA_USAGE = YES_ERROR;
				CLANG_WARN_DOCUMENTATION_COMMENTS = YES;
				CLANG_WARN_EMPTY_BODY = YES;
				CLANG_WARN_ENUM_CONVERSION = YES;
				CLANG_WARN_INFINITE_RECURSION = YES;
				CLANG_WARN_INT_CONVERSION = YES;
				CLANG_WARN_NON_LITERAL_NULL_CONVERSION = YES;
				CLANG_WARN_OBJC_IMPLICIT_RETAIN_SELF = YES;
				CLANG_WARN_OBJC_LITERAL_CONVERSION = YES;
				CLANG_WARN_OBJC_ROOT_CLASS = YES_ERROR;
				CLANG_WARN_QUOTED_INCLUDE_IN_FRAMEWORK_HEADER = YES;
				CLANG_WARN_RANGE_LOOP_ANALYSIS = YES;
				CLANG_WARN_STRICT_PROTOTYPES = YES;
				CLANG_WARN_SUSPICIOUS_MOVE = YES;
				CLANG_WARN_UNGUARDED_AVAILABILITY = YES_AGGRESSIVE;
				CLANG_WARN_UNREACHABLE_CODE = YES;
				CLANG_WARN__DUPLICATE_METHOD_MATCH = YES;
				COPY_PHASE_STRIP = NO;
				DEBUG_INFORMATION_FORMAT = dwarf;
				ENABLE_STRICT_OBJC_MSGSEND = YES;
				ENABLE_TESTABILITY = YES;
				GCC_C_LANGUAGE_STANDARD = gnu11;
				GCC_DYNAMIC_NO_PIC = NO;
				GCC_NO_COMMON_BLOCKS = YES;
				GCC_OPTIMIZATION_LEVEL = 0;
				GCC_PREPROCESSOR_DEFINITIONS = (
					"DEBUG=1",
					"$(inherited)",
				);
				GCC_WARN_64_TO_32_BIT_CONVERSION = YES;
				GCC_WARN_ABOUT_RETURN_TYPE = YES_ERROR;
				GCC_WARN_UNDECLARED_SELECTOR = YES;
				GCC_WARN_UNINITIALIZED_AUTOS = YES_AGGRESSIVE;
				GCC_WARN_UNUSED_FUNCTION = YES;
				GCC_WARN_UNUSED_VARIABLE = YES;
				IPHONEOS_DEPLOYMENT_TARGET = 14.5;
				MTL_ENABLE_DEBUG_INFO = INCLUDE_SOURCE;
				MTL_FAST_MATH = YES;
				ONLY_ACTIVE_ARCH = YES;
				SDKROOT = iphoneos;
				SWIFT_ACTIVE_COMPILATION_CONDITIONS = DEBUG;
				SWIFT_OPTIMIZATION_LEVEL = "-Onone";
			};
			name = Debug;
		};
		FA9D0949267A6CDE00BB8A4B /* Release */ = {
			isa = XCBuildConfiguration;
			buildSettings = {
				ALWAYS_SEARCH_USER_PATHS = NO;
				CLANG_ANALYZER_NONNULL = YES;
				CLANG_ANALYZER_NUMBER_OBJECT_CONVERSION = YES_AGGRESSIVE;
				CLANG_CXX_LANGUAGE_STANDARD = "gnu++14";
				CLANG_CXX_LIBRARY = "libc++";
				CLANG_ENABLE_MODULES = YES;
				CLANG_ENABLE_OBJC_ARC = YES;
				CLANG_ENABLE_OBJC_WEAK = YES;
				CLANG_WARN_BLOCK_CAPTURE_AUTORELEASING = YES;
				CLANG_WARN_BOOL_CONVERSION = YES;
				CLANG_WARN_COMMA = YES;
				CLANG_WARN_CONSTANT_CONVERSION = YES;
				CLANG_WARN_DEPRECATED_OBJC_IMPLEMENTATIONS = YES;
				CLANG_WARN_DIRECT_OBJC_ISA_USAGE = YES_ERROR;
				CLANG_WARN_DOCUMENTATION_COMMENTS = YES;
				CLANG_WARN_EMPTY_BODY = YES;
				CLANG_WARN_ENUM_CONVERSION = YES;
				CLANG_WARN_INFINITE_RECURSION = YES;
				CLANG_WARN_INT_CONVERSION = YES;
				CLANG_WARN_NON_LITERAL_NULL_CONVERSION = YES;
				CLANG_WARN_OBJC_IMPLICIT_RETAIN_SELF = YES;
				CLANG_WARN_OBJC_LITERAL_CONVERSION = YES;
				CLANG_WARN_OBJC_ROOT_CLASS = YES_ERROR;
				CLANG_WARN_QUOTED_INCLUDE_IN_FRAMEWORK_HEADER = YES;
				CLANG_WARN_RANGE_LOOP_ANALYSIS = YES;
				CLANG_WARN_STRICT_PROTOTYPES = YES;
				CLANG_WARN_SUSPICIOUS_MOVE = YES;
				CLANG_WARN_UNGUARDED_AVAILABILITY = YES_AGGRESSIVE;
				CLANG_WARN_UNREACHABLE_CODE = YES;
				CLANG_WARN__DUPLICATE_METHOD_MATCH = YES;
				COPY_PHASE_STRIP = NO;
				DEBUG_INFORMATION_FORMAT = "dwarf-with-dsym";
				ENABLE_NS_ASSERTIONS = NO;
				ENABLE_STRICT_OBJC_MSGSEND = YES;
				GCC_C_LANGUAGE_STANDARD = gnu11;
				GCC_NO_COMMON_BLOCKS = YES;
				GCC_WARN_64_TO_32_BIT_CONVERSION = YES;
				GCC_WARN_ABOUT_RETURN_TYPE = YES_ERROR;
				GCC_WARN_UNDECLARED_SELECTOR = YES;
				GCC_WARN_UNINITIALIZED_AUTOS = YES_AGGRESSIVE;
				GCC_WARN_UNUSED_FUNCTION = YES;
				GCC_WARN_UNUSED_VARIABLE = YES;
				IPHONEOS_DEPLOYMENT_TARGET = 14.5;
				MTL_ENABLE_DEBUG_INFO = NO;
				MTL_FAST_MATH = YES;
				SDKROOT = iphoneos;
				SWIFT_COMPILATION_MODE = wholemodule;
				SWIFT_OPTIMIZATION_LEVEL = "-O";
				VALIDATE_PRODUCT = YES;
			};
			name = Release;
		};
		FA9D094B267A6CDE00BB8A4B /* Debug */ = {
			isa = XCBuildConfiguration;
			buildSettings = {
				ASSETCATALOG_COMPILER_APPICON_NAME = AppIcon;
				ASSETCATALOG_COMPILER_GLOBAL_ACCENT_COLOR_NAME = AccentColor;
				CODE_SIGN_STYLE = Automatic;
				DEVELOPMENT_ASSET_PATHS = "\"AppSUI/Preview Content\"";
				DEVELOPMENT_TEAM = J4GES9GRUE;
				ENABLE_PREVIEWS = YES;
				INFOPLIST_FILE = AppSUI/Info.plist;
				IPHONEOS_DEPLOYMENT_TARGET = 14.0;
				LD_RUNPATH_SEARCH_PATHS = (
					"$(inherited)",
					"@executable_path/Frameworks",
				);
				PRODUCT_BUNDLE_IDENTIFIER = exey.AppSUI;
				PRODUCT_NAME = "$(TARGET_NAME)";
				SWIFT_VERSION = 5.0;
				TARGETED_DEVICE_FAMILY = "1,2";
			};
			name = Debug;
		};
		FA9D094C267A6CDE00BB8A4B /* Release */ = {
			isa = XCBuildConfiguration;
			buildSettings = {
				ASSETCATALOG_COMPILER_APPICON_NAME = AppIcon;
				ASSETCATALOG_COMPILER_GLOBAL_ACCENT_COLOR_NAME = AccentColor;
				CODE_SIGN_STYLE = Automatic;
				DEVELOPMENT_ASSET_PATHS = "\"AppSUI/Preview Content\"";
				DEVELOPMENT_TEAM = J4GES9GRUE;
				ENABLE_PREVIEWS = YES;
				INFOPLIST_FILE = AppSUI/Info.plist;
				IPHONEOS_DEPLOYMENT_TARGET = 14.0;
				LD_RUNPATH_SEARCH_PATHS = (
					"$(inherited)",
					"@executable_path/Frameworks",
				);
				PRODUCT_BUNDLE_IDENTIFIER = exey.AppSUI;
				PRODUCT_NAME = "$(TARGET_NAME)";
				SWIFT_VERSION = 5.0;
				TARGETED_DEVICE_FAMILY = "1,2";
			};
			name = Release;
		};
/* End XCBuildConfiguration section */

/* Begin XCConfigurationList section */
		FA9D0936267A6CDD00BB8A4B /* Build configuration list for PBXProject "AppSUI" */ = {
			isa = XCConfigurationList;
			buildConfigurations = (
				FA9D0948267A6CDE00BB8A4B /* Debug */,
				FA9D0949267A6CDE00BB8A4B /* Release */,
			);
			defaultConfigurationIsVisible = 0;
			defaultConfigurationName = Release;
		};
		FA9D094A267A6CDE00BB8A4B /* Build configuration list for PBXNativeTarget "AppSUI" */ = {
			isa = XCConfigurationList;
			buildConfigurations = (
				FA9D094B267A6CDE00BB8A4B /* Debug */,
				FA9D094C267A6CDE00BB8A4B /* Release */,
			);
			defaultConfigurationIsVisible = 0;
			defaultConfigurationName = Release;
		};
/* End XCConfigurationList section */
	};
	rootObject = FA9D0933267A6CDD00BB8A4B /* Project object */;
}
