// !$*UTF8*$!
{
	archiveVersion = 1;
	classes = {
	};
	objectVersion = 52;
	objects = {

/* Begin PBXBuildFile section */
		CE01FA60271E784E00D6EFAB /* AnyCodable in Frameworks */ = {isa = PBXBuildFile; productRef = CE01FA5F271E784E00D6EFAB /* AnyCodable */; };
		CE01FA66271E785C00D6EFAB /* NavigationStack in Frameworks */ = {isa = PBXBuildFile; productRef = CE01FA65271E785C00D6EFAB /* NavigationStack */; };
		CECB80DD2731A93700BBC386 /* APIHelper.swift in Sources */ = {isa = PBXBuildFile; fileRef = CECB80C42731A93700BBC386 /* APIHelper.swift */; };
		CECB80DE2731A93700BBC386 /* APIHelper.swift in Sources */ = {isa = PBXBuildFile; fileRef = CECB80C42731A93700BBC386 /* APIHelper.swift */; };
		CECB80DF2731A93700BBC386 /* URLSessionImplementations.swift in Sources */ = {isa = PBXBuildFile; fileRef = CECB80C52731A93700BBC386 /* URLSessionImplementations.swift */; };
		CECB80E02731A93700BBC386 /* URLSessionImplementations.swift in Sources */ = {isa = PBXBuildFile; fileRef = CECB80C52731A93700BBC386 /* URLSessionImplementations.swift */; };
		CECB80E12731A93700BBC386 /* ArticlesAPI.swift in Sources */ = {isa = PBXBuildFile; fileRef = CECB80C72731A93700BBC386 /* ArticlesAPI.swift */; };
		CECB80E22731A93700BBC386 /* ArticlesAPI.swift in Sources */ = {isa = PBXBuildFile; fileRef = CECB80C72731A93700BBC386 /* ArticlesAPI.swift */; };
		CECB80E32731A93700BBC386 /* CodableHelper.swift in Sources */ = {isa = PBXBuildFile; fileRef = CECB80C82731A93700BBC386 /* CodableHelper.swift */; };
		CECB80E42731A93700BBC386 /* CodableHelper.swift in Sources */ = {isa = PBXBuildFile; fileRef = CECB80C82731A93700BBC386 /* CodableHelper.swift */; };
		CECB80E52731A93700BBC386 /* APIs.swift in Sources */ = {isa = PBXBuildFile; fileRef = CECB80C92731A93700BBC386 /* APIs.swift */; };
		CECB80E62731A93700BBC386 /* APIs.swift in Sources */ = {isa = PBXBuildFile; fileRef = CECB80C92731A93700BBC386 /* APIs.swift */; };
		CECB80E72731A93700BBC386 /* OpenISO8601DateFormatter.swift in Sources */ = {isa = PBXBuildFile; fileRef = CECB80CA2731A93700BBC386 /* OpenISO8601DateFormatter.swift */; };
		CECB80E82731A93700BBC386 /* OpenISO8601DateFormatter.swift in Sources */ = {isa = PBXBuildFile; fileRef = CECB80CA2731A93700BBC386 /* OpenISO8601DateFormatter.swift */; };
		CECB80E92731A93700BBC386 /* Source.swift in Sources */ = {isa = PBXBuildFile; fileRef = CECB80CC2731A93700BBC386 /* Source.swift */; };
		CECB80EA2731A93700BBC386 /* Source.swift in Sources */ = {isa = PBXBuildFile; fileRef = CECB80CC2731A93700BBC386 /* Source.swift */; };
		CECB80EB2731A93700BBC386 /* ArticleList.swift in Sources */ = {isa = PBXBuildFile; fileRef = CECB80CD2731A93700BBC386 /* ArticleList.swift */; };
		CECB80EC2731A93700BBC386 /* ArticleList.swift in Sources */ = {isa = PBXBuildFile; fileRef = CECB80CD2731A93700BBC386 /* ArticleList.swift */; };
		CECB80ED2731A93700BBC386 /* Article.swift in Sources */ = {isa = PBXBuildFile; fileRef = CECB80CE2731A93700BBC386 /* Article.swift */; };
		CECB80EE2731A93700BBC386 /* Article.swift in Sources */ = {isa = PBXBuildFile; fileRef = CECB80CE2731A93700BBC386 /* Article.swift */; };
		CECB80EF2731A93700BBC386 /* ErrorModel.swift in Sources */ = {isa = PBXBuildFile; fileRef = CECB80CF2731A93700BBC386 /* ErrorModel.swift */; };
		CECB80F02731A93700BBC386 /* ErrorModel.swift in Sources */ = {isa = PBXBuildFile; fileRef = CECB80CF2731A93700BBC386 /* ErrorModel.swift */; };
		CECB80F12731A93700BBC386 /* Extensions.swift in Sources */ = {isa = PBXBuildFile; fileRef = CECB80D02731A93700BBC386 /* Extensions.swift */; };
		CECB80F22731A93700BBC386 /* Extensions.swift in Sources */ = {isa = PBXBuildFile; fileRef = CECB80D02731A93700BBC386 /* Extensions.swift */; };
		CECB80F32731A93700BBC386 /* JSONDataEncoding.swift in Sources */ = {isa = PBXBuildFile; fileRef = CECB80D12731A93700BBC386 /* JSONDataEncoding.swift */; };
		CECB80F42731A93700BBC386 /* JSONDataEncoding.swift in Sources */ = {isa = PBXBuildFile; fileRef = CECB80D12731A93700BBC386 /* JSONDataEncoding.swift */; };
		CECB80F52731A93700BBC386 /* JSONEncodingHelper.swift in Sources */ = {isa = PBXBuildFile; fileRef = CECB80D22731A93700BBC386 /* JSONEncodingHelper.swift */; };
		CECB80F62731A93700BBC386 /* JSONEncodingHelper.swift in Sources */ = {isa = PBXBuildFile; fileRef = CECB80D22731A93700BBC386 /* JSONEncodingHelper.swift */; };
		CECB80F72731A93700BBC386 /* Models.swift in Sources */ = {isa = PBXBuildFile; fileRef = CECB80D32731A93700BBC386 /* Models.swift */; };
		CECB80F82731A93700BBC386 /* Models.swift in Sources */ = {isa = PBXBuildFile; fileRef = CECB80D32731A93700BBC386 /* Models.swift */; };
		CECB80F92731A93700BBC386 /* SynchronizedDictionary.swift in Sources */ = {isa = PBXBuildFile; fileRef = CECB80D42731A93700BBC386 /* SynchronizedDictionary.swift */; };
		CECB80FA2731A93700BBC386 /* SynchronizedDictionary.swift in Sources */ = {isa = PBXBuildFile; fileRef = CECB80D42731A93700BBC386 /* SynchronizedDictionary.swift */; };
		CECB80FB2731A93700BBC386 /* Configuration.swift in Sources */ = {isa = PBXBuildFile; fileRef = CECB80D52731A93700BBC386 /* Configuration.swift */; };
		CECB80FC2731A93700BBC386 /* Configuration.swift in Sources */ = {isa = PBXBuildFile; fileRef = CECB80D52731A93700BBC386 /* Configuration.swift */; };
		CECB80FD2731A93700BBC386 /* CacheService.swift in Sources */ = {isa = PBXBuildFile; fileRef = CECB80D72731A93700BBC386 /* CacheService.swift */; };
		CECB80FE2731A93700BBC386 /* CacheService.swift in Sources */ = {isa = PBXBuildFile; fileRef = CECB80D72731A93700BBC386 /* CacheService.swift */; };
		CECB80FF2731A93700BBC386 /* ServiceLocator.swift in Sources */ = {isa = PBXBuildFile; fileRef = CECB80D82731A93700BBC386 /* ServiceLocator.swift */; };
		CECB81002731A93700BBC386 /* ServiceLocator.swift in Sources */ = {isa = PBXBuildFile; fileRef = CECB80D82731A93700BBC386 /* ServiceLocator.swift */; };
		CECB81012731A93700BBC386 /* Inject.swift in Sources */ = {isa = PBXBuildFile; fileRef = CECB80D92731A93700BBC386 /* Inject.swift */; };
		CECB81022731A93700BBC386 /* Inject.swift in Sources */ = {isa = PBXBuildFile; fileRef = CECB80D92731A93700BBC386 /* Inject.swift */; };
		CECB81032731A93700BBC386 /* NetworkingService.swift in Sources */ = {isa = PBXBuildFile; fileRef = CECB80DA2731A93700BBC386 /* NetworkingService.swift */; };
		CECB81042731A93700BBC386 /* NetworkingService.swift in Sources */ = {isa = PBXBuildFile; fileRef = CECB80DA2731A93700BBC386 /* NetworkingService.swift */; };
		CECB81052731A93700BBC386 /* AppCore.swift in Sources */ = {isa = PBXBuildFile; fileRef = CECB80DB2731A93700BBC386 /* AppCore.swift */; };
		CECB81062731A93700BBC386 /* AppCore.swift in Sources */ = {isa = PBXBuildFile; fileRef = CECB80DB2731A93700BBC386 /* AppCore.swift */; };
		CECB81072731A93700BBC386 /* RouterService.swift in Sources */ = {isa = PBXBuildFile; fileRef = CECB80DC2731A93700BBC386 /* RouterService.swift */; };
		CECB81082731A93700BBC386 /* RouterService.swift in Sources */ = {isa = PBXBuildFile; fileRef = CECB80DC2731A93700BBC386 /* RouterService.swift */; };
		CECD0FD5271E758000E85AA7 /* AppSUIApp.swift in Sources */ = {isa = PBXBuildFile; fileRef = FA9D093E267A6CDD00BB8A4B /* AppSUIApp.swift */; };
		CECD0FD9271E758000E85AA7 /* AppSUIApp.swift in Sources */ = {isa = PBXBuildFile; fileRef = FA9D093E267A6CDD00BB8A4B /* AppSUIApp.swift */; };
		CECD0FDD271E758300E85AA7 /* ContentView.swift in Sources */ = {isa = PBXBuildFile; fileRef = FA9D0940267A6CDD00BB8A4B /* ContentView.swift */; };
		CECD0FE1271E758300E85AA7 /* ContentView.swift in Sources */ = {isa = PBXBuildFile; fileRef = FA9D0940267A6CDD00BB8A4B /* ContentView.swift */; };
		CECD0FE5271E758800E85AA7 /* FoodListScreen.swift in Sources */ = {isa = PBXBuildFile; fileRef = FA9D0957267A78B000BB8A4B /* FoodListScreen.swift */; };
		CECD0FE9271E758800E85AA7 /* FoodListScreen.swift in Sources */ = {isa = PBXBuildFile; fileRef = FA9D0957267A78B000BB8A4B /* FoodListScreen.swift */; };
		CECD0FED271E758A00E85AA7 /* DashboardScreen.swift in Sources */ = {isa = PBXBuildFile; fileRef = FA9D094D267A6D8000BB8A4B /* DashboardScreen.swift */; };
		CECD0FF1271E758B00E85AA7 /* DashboardScreen.swift in Sources */ = {isa = PBXBuildFile; fileRef = FA9D094D267A6D8000BB8A4B /* DashboardScreen.swift */; };
		CECD0FF5271E758D00E85AA7 /* AboutScreen.swift in Sources */ = {isa = PBXBuildFile; fileRef = FA9D094F267A707B00BB8A4B /* AboutScreen.swift */; };
		CECD0FF9271E758D00E85AA7 /* AboutScreen.swift in Sources */ = {isa = PBXBuildFile; fileRef = FA9D094F267A707B00BB8A4B /* AboutScreen.swift */; };
		CECD1008271E75E500E85AA7 /* NavigationStack in Frameworks */ = {isa = PBXBuildFile; productRef = CECD1007271E75E500E85AA7 /* NavigationStack */; };
		CECD1019271E764000E85AA7 /* PhonesScreen.swift in Sources */ = {isa = PBXBuildFile; fileRef = CE540EEE26A47AC50025D87D /* PhonesScreen.swift */; };
		CECD101A271E764000E85AA7 /* UsersScreen.swift in Sources */ = {isa = PBXBuildFile; fileRef = CE540EEB26A470930025D87D /* UsersScreen.swift */; };
		CECD101B271E764000E85AA7 /* UserScreen.swift in Sources */ = {isa = PBXBuildFile; fileRef = CE540EE326A46EBA0025D87D /* UserScreen.swift */; };
		CECD101F271E764100E85AA7 /* PhonesScreen.swift in Sources */ = {isa = PBXBuildFile; fileRef = CE540EEE26A47AC50025D87D /* PhonesScreen.swift */; };
		CECD1020271E764100E85AA7 /* UsersScreen.swift in Sources */ = {isa = PBXBuildFile; fileRef = CE540EEB26A470930025D87D /* UsersScreen.swift */; };
		CECD1021271E764100E85AA7 /* UserScreen.swift in Sources */ = {isa = PBXBuildFile; fileRef = CE540EE326A46EBA0025D87D /* UserScreen.swift */; };
		CECD1025271E764900E85AA7 /* AnyTransition.swift in Sources */ = {isa = PBXBuildFile; fileRef = CE051717269F03D900938BDF /* AnyTransition.swift */; };
		CECD1026271E764900E85AA7 /* Optional.swift in Sources */ = {isa = PBXBuildFile; fileRef = CE051719269F03D900938BDF /* Optional.swift */; };
		CECD1027271E764900E85AA7 /* Collection.swift in Sources */ = {isa = PBXBuildFile; fileRef = CE051718269F03D900938BDF /* Collection.swift */; };
		CECD1028271E764A00E85AA7 /* AnyTransition.swift in Sources */ = {isa = PBXBuildFile; fileRef = CE051717269F03D900938BDF /* AnyTransition.swift */; };
		CECD1029271E764A00E85AA7 /* Optional.swift in Sources */ = {isa = PBXBuildFile; fileRef = CE051719269F03D900938BDF /* Optional.swift */; };
		CECD102A271E764A00E85AA7 /* Collection.swift in Sources */ = {isa = PBXBuildFile; fileRef = CE051718269F03D900938BDF /* Collection.swift */; };
		CECD102E271E766000E85AA7 /* NewsExtensions.swift in Sources */ = {isa = PBXBuildFile; fileRef = CE05171E269F041300938BDF /* NewsExtensions.swift */; };
		CECD102F271E766000E85AA7 /* NewsCity.swift in Sources */ = {isa = PBXBuildFile; fileRef = CE051724269F047C00938BDF /* NewsCity.swift */; };
		CECD1030271E766000E85AA7 /* NewsScreen.swift in Sources */ = {isa = PBXBuildFile; fileRef = CE0516E9269EE09E00938BDF /* NewsScreen.swift */; };
		CECD1031271E766000E85AA7 /* NewsViewModel.swift in Sources */ = {isa = PBXBuildFile; fileRef = CE051721269F043600938BDF /* NewsViewModel.swift */; };
		CECD1035271E766100E85AA7 /* NewsExtensions.swift in Sources */ = {isa = PBXBuildFile; fileRef = CE05171E269F041300938BDF /* NewsExtensions.swift */; };
		CECD1036271E766100E85AA7 /* NewsCity.swift in Sources */ = {isa = PBXBuildFile; fileRef = CE051724269F047C00938BDF /* NewsCity.swift */; };
		CECD1037271E766100E85AA7 /* NewsScreen.swift in Sources */ = {isa = PBXBuildFile; fileRef = CE0516E9269EE09E00938BDF /* NewsScreen.swift */; };
		CECD1038271E766100E85AA7 /* NewsViewModel.swift in Sources */ = {isa = PBXBuildFile; fileRef = CE051721269F043600938BDF /* NewsViewModel.swift */; };
		CECD103C271E766500E85AA7 /* SuiView.swift in Sources */ = {isa = PBXBuildFile; fileRef = CE063D732688C0B60011EFA5 /* SuiView.swift */; };
		CECD1040271E766500E85AA7 /* SuiView.swift in Sources */ = {isa = PBXBuildFile; fileRef = CE063D732688C0B60011EFA5 /* SuiView.swift */; };
		CECD1044271E766900E85AA7 /* PolicyScreen.swift in Sources */ = {isa = PBXBuildFile; fileRef = CED16B4A2680C2E5003182F7 /* PolicyScreen.swift */; };
		CECD1045271E766900E85AA7 /* LicensesScreen.swift in Sources */ = {isa = PBXBuildFile; fileRef = FA9D0952267A729500BB8A4B /* LicensesScreen.swift */; };
		CECD1049271E766A00E85AA7 /* PolicyScreen.swift in Sources */ = {isa = PBXBuildFile; fileRef = CED16B4A2680C2E5003182F7 /* PolicyScreen.swift */; };
		CECD104A271E766A00E85AA7 /* LicensesScreen.swift in Sources */ = {isa = PBXBuildFile; fileRef = FA9D0952267A729500BB8A4B /* LicensesScreen.swift */; };
		CECD104E271E766D00E85AA7 /* ModalScreen.swift in Sources */ = {isa = PBXBuildFile; fileRef = CED16B4E2680C4FC003182F7 /* ModalScreen.swift */; };
		CECD104F271E766D00E85AA7 /* ModalScreen.swift in Sources */ = {isa = PBXBuildFile; fileRef = CED16B4E2680C4FC003182F7 /* ModalScreen.swift */; };
		CECD1056271E767100E85AA7 /* LazyView.swift in Sources */ = {isa = PBXBuildFile; fileRef = FA9D0955267A72ED00BB8A4B /* LazyView.swift */; };
		CECD105A271E767100E85AA7 /* LazyView.swift in Sources */ = {isa = PBXBuildFile; fileRef = FA9D0955267A72ED00BB8A4B /* LazyView.swift */; };
		CECD105E271E767900E85AA7 /* Assets.xcassets in Resources */ = {isa = PBXBuildFile; fileRef = FA9D0942267A6CDE00BB8A4B /* Assets.xcassets */; };
		CECD1062271E767900E85AA7 /* Assets.xcassets in Resources */ = {isa = PBXBuildFile; fileRef = FA9D0942267A6CDE00BB8A4B /* Assets.xcassets */; };
		CECD1075271E77AC00E85AA7 /* AnyCodable in Frameworks */ = {isa = PBXBuildFile; productRef = CECD1074271E77AC00E85AA7 /* AnyCodable */; };
/* End PBXBuildFile section */

/* Begin PBXFileReference section */
		CE0516E9269EE09E00938BDF /* NewsScreen.swift */ = {isa = PBXFileReference; lastKnownFileType = sourcecode.swift; path = NewsScreen.swift; sourceTree = "<group>"; };
		CE051717269F03D900938BDF /* AnyTransition.swift */ = {isa = PBXFileReference; fileEncoding = 4; lastKnownFileType = sourcecode.swift; path = AnyTransition.swift; sourceTree = "<group>"; };
		CE051718269F03D900938BDF /* Collection.swift */ = {isa = PBXFileReference; fileEncoding = 4; lastKnownFileType = sourcecode.swift; path = Collection.swift; sourceTree = "<group>"; };
		CE051719269F03D900938BDF /* Optional.swift */ = {isa = PBXFileReference; fileEncoding = 4; lastKnownFileType = sourcecode.swift; path = Optional.swift; sourceTree = "<group>"; };
		CE05171E269F041300938BDF /* NewsExtensions.swift */ = {isa = PBXFileReference; lastKnownFileType = sourcecode.swift; path = NewsExtensions.swift; sourceTree = "<group>"; };
		CE051721269F043600938BDF /* NewsViewModel.swift */ = {isa = PBXFileReference; lastKnownFileType = sourcecode.swift; path = NewsViewModel.swift; sourceTree = "<group>"; };
		CE051724269F047C00938BDF /* NewsCity.swift */ = {isa = PBXFileReference; lastKnownFileType = sourcecode.swift; path = NewsCity.swift; sourceTree = "<group>"; };
		CE063D732688C0B60011EFA5 /* SuiView.swift */ = {isa = PBXFileReference; lastKnownFileType = sourcecode.swift; path = SuiView.swift; sourceTree = "<group>"; };
		CE540EE326A46EBA0025D87D /* UserScreen.swift */ = {isa = PBXFileReference; lastKnownFileType = sourcecode.swift; path = UserScreen.swift; sourceTree = "<group>"; };
		CE540EEB26A470930025D87D /* UsersScreen.swift */ = {isa = PBXFileReference; lastKnownFileType = sourcecode.swift; path = UsersScreen.swift; sourceTree = "<group>"; };
		CE540EEE26A47AC50025D87D /* PhonesScreen.swift */ = {isa = PBXFileReference; lastKnownFileType = sourcecode.swift; path = PhonesScreen.swift; sourceTree = "<group>"; };
		CEA1ED19271DE1FC005DF1B5 /* OtusMultiPlatform.app */ = {isa = PBXFileReference; explicitFileType = wrapper.application; includeInIndex = 0; path = OtusMultiPlatform.app; sourceTree = BUILT_PRODUCTS_DIR; };
		CEA1ED1B271DE1FC005DF1B5 /* Info.plist */ = {isa = PBXFileReference; lastKnownFileType = text.plist.xml; path = Info.plist; sourceTree = "<group>"; };
		CEA1ED20271DE1FC005DF1B5 /* OtusMultiPlatform.app */ = {isa = PBXFileReference; explicitFileType = wrapper.application; includeInIndex = 0; path = OtusMultiPlatform.app; sourceTree = BUILT_PRODUCTS_DIR; };
		CEA1ED22271DE1FC005DF1B5 /* Info.plist */ = {isa = PBXFileReference; lastKnownFileType = text.plist.xml; path = Info.plist; sourceTree = "<group>"; };
		CEA1ED23271DE1FC005DF1B5 /* macOS.entitlements */ = {isa = PBXFileReference; lastKnownFileType = text.plist.entitlements; path = macOS.entitlements; sourceTree = "<group>"; };
		CECB80C42731A93700BBC386 /* APIHelper.swift */ = {isa = PBXFileReference; fileEncoding = 4; lastKnownFileType = sourcecode.swift; path = APIHelper.swift; sourceTree = "<group>"; };
		CECB80C52731A93700BBC386 /* URLSessionImplementations.swift */ = {isa = PBXFileReference; fileEncoding = 4; lastKnownFileType = sourcecode.swift; path = URLSessionImplementations.swift; sourceTree = "<group>"; };
		CECB80C72731A93700BBC386 /* ArticlesAPI.swift */ = {isa = PBXFileReference; fileEncoding = 4; lastKnownFileType = sourcecode.swift; path = ArticlesAPI.swift; sourceTree = "<group>"; };
		CECB80C82731A93700BBC386 /* CodableHelper.swift */ = {isa = PBXFileReference; fileEncoding = 4; lastKnownFileType = sourcecode.swift; path = CodableHelper.swift; sourceTree = "<group>"; };
		CECB80C92731A93700BBC386 /* APIs.swift */ = {isa = PBXFileReference; fileEncoding = 4; lastKnownFileType = sourcecode.swift; path = APIs.swift; sourceTree = "<group>"; };
		CECB80CA2731A93700BBC386 /* OpenISO8601DateFormatter.swift */ = {isa = PBXFileReference; fileEncoding = 4; lastKnownFileType = sourcecode.swift; path = OpenISO8601DateFormatter.swift; sourceTree = "<group>"; };
		CECB80CC2731A93700BBC386 /* Source.swift */ = {isa = PBXFileReference; fileEncoding = 4; lastKnownFileType = sourcecode.swift; path = Source.swift; sourceTree = "<group>"; };
		CECB80CD2731A93700BBC386 /* ArticleList.swift */ = {isa = PBXFileReference; fileEncoding = 4; lastKnownFileType = sourcecode.swift; path = ArticleList.swift; sourceTree = "<group>"; };
		CECB80CE2731A93700BBC386 /* Article.swift */ = {isa = PBXFileReference; fileEncoding = 4; lastKnownFileType = sourcecode.swift; path = Article.swift; sourceTree = "<group>"; };
		CECB80CF2731A93700BBC386 /* ErrorModel.swift */ = {isa = PBXFileReference; fileEncoding = 4; lastKnownFileType = sourcecode.swift; path = ErrorModel.swift; sourceTree = "<group>"; };
		CECB80D02731A93700BBC386 /* Extensions.swift */ = {isa = PBXFileReference; fileEncoding = 4; lastKnownFileType = sourcecode.swift; path = Extensions.swift; sourceTree = "<group>"; };
		CECB80D12731A93700BBC386 /* JSONDataEncoding.swift */ = {isa = PBXFileReference; fileEncoding = 4; lastKnownFileType = sourcecode.swift; path = JSONDataEncoding.swift; sourceTree = "<group>"; };
		CECB80D22731A93700BBC386 /* JSONEncodingHelper.swift */ = {isa = PBXFileReference; fileEncoding = 4; lastKnownFileType = sourcecode.swift; path = JSONEncodingHelper.swift; sourceTree = "<group>"; };
		CECB80D32731A93700BBC386 /* Models.swift */ = {isa = PBXFileReference; fileEncoding = 4; lastKnownFileType = sourcecode.swift; path = Models.swift; sourceTree = "<group>"; };
		CECB80D42731A93700BBC386 /* SynchronizedDictionary.swift */ = {isa = PBXFileReference; fileEncoding = 4; lastKnownFileType = sourcecode.swift; path = SynchronizedDictionary.swift; sourceTree = "<group>"; };
		CECB80D52731A93700BBC386 /* Configuration.swift */ = {isa = PBXFileReference; fileEncoding = 4; lastKnownFileType = sourcecode.swift; path = Configuration.swift; sourceTree = "<group>"; };
		CECB80D72731A93700BBC386 /* CacheService.swift */ = {isa = PBXFileReference; fileEncoding = 4; lastKnownFileType = sourcecode.swift; path = CacheService.swift; sourceTree = "<group>"; };
		CECB80D82731A93700BBC386 /* ServiceLocator.swift */ = {isa = PBXFileReference; fileEncoding = 4; lastKnownFileType = sourcecode.swift; path = ServiceLocator.swift; sourceTree = "<group>"; };
		CECB80D92731A93700BBC386 /* Inject.swift */ = {isa = PBXFileReference; fileEncoding = 4; lastKnownFileType = sourcecode.swift; path = Inject.swift; sourceTree = "<group>"; };
		CECB80DA2731A93700BBC386 /* NetworkingService.swift */ = {isa = PBXFileReference; fileEncoding = 4; lastKnownFileType = sourcecode.swift; path = NetworkingService.swift; sourceTree = "<group>"; };
		CECB80DB2731A93700BBC386 /* AppCore.swift */ = {isa = PBXFileReference; fileEncoding = 4; lastKnownFileType = sourcecode.swift; path = AppCore.swift; sourceTree = "<group>"; };
		CECB80DC2731A93700BBC386 /* RouterService.swift */ = {isa = PBXFileReference; fileEncoding = 4; lastKnownFileType = sourcecode.swift; path = RouterService.swift; sourceTree = "<group>"; };
		CECD0FD1271E756800E85AA7 /* OtusMultiPlatform.entitlements */ = {isa = PBXFileReference; lastKnownFileType = text.plist.entitlements; path = OtusMultiPlatform.entitlements; sourceTree = "<group>"; };
		CED16B4A2680C2E5003182F7 /* PolicyScreen.swift */ = {isa = PBXFileReference; lastKnownFileType = sourcecode.swift; path = PolicyScreen.swift; sourceTree = "<group>"; };
		CED16B4E2680C4FC003182F7 /* ModalScreen.swift */ = {isa = PBXFileReference; lastKnownFileType = sourcecode.swift; path = ModalScreen.swift; sourceTree = "<group>"; };
		FA9D093E267A6CDD00BB8A4B /* AppSUIApp.swift */ = {isa = PBXFileReference; lastKnownFileType = sourcecode.swift; path = AppSUIApp.swift; sourceTree = "<group>"; };
		FA9D0940267A6CDD00BB8A4B /* ContentView.swift */ = {isa = PBXFileReference; lastKnownFileType = sourcecode.swift; path = ContentView.swift; sourceTree = "<group>"; };
		FA9D0942267A6CDE00BB8A4B /* Assets.xcassets */ = {isa = PBXFileReference; lastKnownFileType = folder.assetcatalog; path = Assets.xcassets; sourceTree = "<group>"; };
		FA9D094D267A6D8000BB8A4B /* DashboardScreen.swift */ = {isa = PBXFileReference; lastKnownFileType = sourcecode.swift; path = DashboardScreen.swift; sourceTree = "<group>"; };
		FA9D094F267A707B00BB8A4B /* AboutScreen.swift */ = {isa = PBXFileReference; lastKnownFileType = sourcecode.swift; path = AboutScreen.swift; sourceTree = "<group>"; };
		FA9D0952267A729500BB8A4B /* LicensesScreen.swift */ = {isa = PBXFileReference; lastKnownFileType = sourcecode.swift; path = LicensesScreen.swift; sourceTree = "<group>"; };
		FA9D0955267A72ED00BB8A4B /* LazyView.swift */ = {isa = PBXFileReference; lastKnownFileType = sourcecode.swift; path = LazyView.swift; sourceTree = "<group>"; };
		FA9D0957267A78B000BB8A4B /* FoodListScreen.swift */ = {isa = PBXFileReference; lastKnownFileType = sourcecode.swift; path = FoodListScreen.swift; sourceTree = "<group>"; };
/* End PBXFileReference section */

/* Begin PBXFrameworksBuildPhase section */
		CEA1ED16271DE1FC005DF1B5 /* Frameworks */ = {
			isa = PBXFrameworksBuildPhase;
			buildActionMask = 2147483647;
			files = (
				CECD1075271E77AC00E85AA7 /* AnyCodable in Frameworks */,
				CECD1008271E75E500E85AA7 /* NavigationStack in Frameworks */,
			);
			runOnlyForDeploymentPostprocessing = 0;
		};
		CEA1ED1D271DE1FC005DF1B5 /* Frameworks */ = {
			isa = PBXFrameworksBuildPhase;
			buildActionMask = 2147483647;
			files = (
				CE01FA66271E785C00D6EFAB /* NavigationStack in Frameworks */,
				CE01FA60271E784E00D6EFAB /* AnyCodable in Frameworks */,
			);
			runOnlyForDeploymentPostprocessing = 0;
		};
/* End PBXFrameworksBuildPhase section */

/* Begin PBXGroup section */
		CE0516E8269EE06D00938BDF /* News */ = {
			isa = PBXGroup;
			children = (
				CE0516E9269EE09E00938BDF /* NewsScreen.swift */,
				CE05171E269F041300938BDF /* NewsExtensions.swift */,
				CE051721269F043600938BDF /* NewsViewModel.swift */,
				CE051724269F047C00938BDF /* NewsCity.swift */,
			);
			path = News;
			sourceTree = "<group>";
		};
		CE0516EF269EE44300938BDF /* Modules */ = {
			isa = PBXGroup;
			children = (
				CECB80D62731A93700BBC386 /* AppCore */,
				CECB80C32731A93700BBC386 /* Networking */,
			);
			name = Modules;
			path = Shared/Modules;
			sourceTree = SOURCE_ROOT;
		};
		CE05170D269EE48D00938BDF /* Frameworks */ = {
			isa = PBXGroup;
			children = (
			);
			name = Frameworks;
			sourceTree = "<group>";
		};
		CE051716269F037A00938BDF /* Extensions */ = {
			isa = PBXGroup;
			children = (
				CE051717269F03D900938BDF /* AnyTransition.swift */,
				CE051718269F03D900938BDF /* Collection.swift */,
				CE051719269F03D900938BDF /* Optional.swift */,
			);
			path = Extensions;
			sourceTree = "<group>";
		};
		CE063D722688C0980011EFA5 /* Views */ = {
			isa = PBXGroup;
			children = (
				CE063D732688C0B60011EFA5 /* SuiView.swift */,
			);
			path = Views;
			sourceTree = "<group>";
		};
		CE540EE226A46E770025D87D /* Dashboard */ = {
			isa = PBXGroup;
			children = (
				CE540EE326A46EBA0025D87D /* UserScreen.swift */,
				CE540EEB26A470930025D87D /* UsersScreen.swift */,
				CE540EEE26A47AC50025D87D /* PhonesScreen.swift */,
			);
			path = Dashboard;
			sourceTree = "<group>";
		};
		CEA1ED11271DE1FB005DF1B5 /* Shared */ = {
			isa = PBXGroup;
			children = (
				CE540EE226A46E770025D87D /* Dashboard */,
				CE051716269F037A00938BDF /* Extensions */,
				CE0516EF269EE44300938BDF /* Modules */,
				CE0516E8269EE06D00938BDF /* News */,
				CE063D722688C0980011EFA5 /* Views */,
				CED16B4D2680C4E4003182F7 /* FoodList */,
				FA9D0951267A728600BB8A4B /* About */,
				FA9D0954267A72D900BB8A4B /* Modifiers */,
				FA9D093E267A6CDD00BB8A4B /* AppSUIApp.swift */,
				FA9D0940267A6CDD00BB8A4B /* ContentView.swift */,
				FA9D0957267A78B000BB8A4B /* FoodListScreen.swift */,
				FA9D094D267A6D8000BB8A4B /* DashboardScreen.swift */,
				FA9D094F267A707B00BB8A4B /* AboutScreen.swift */,
				FA9D0942267A6CDE00BB8A4B /* Assets.xcassets */,
			);
			path = Shared;
			sourceTree = "<group>";
		};
		CEA1ED1A271DE1FC005DF1B5 /* iOS */ = {
			isa = PBXGroup;
			children = (
				CEA1ED1B271DE1FC005DF1B5 /* Info.plist */,
			);
			path = iOS;
			sourceTree = "<group>";
		};
		CEA1ED21271DE1FC005DF1B5 /* macOS */ = {
			isa = PBXGroup;
			children = (
				CEA1ED22271DE1FC005DF1B5 /* Info.plist */,
				CEA1ED23271DE1FC005DF1B5 /* macOS.entitlements */,
			);
			path = macOS;
			sourceTree = "<group>";
		};
		CECB80C32731A93700BBC386 /* Networking */ = {
			isa = PBXGroup;
			children = (
				CECB80C42731A93700BBC386 /* APIHelper.swift */,
				CECB80C52731A93700BBC386 /* URLSessionImplementations.swift */,
				CECB80C62731A93700BBC386 /* APIs */,
				CECB80C82731A93700BBC386 /* CodableHelper.swift */,
				CECB80C92731A93700BBC386 /* APIs.swift */,
				CECB80CA2731A93700BBC386 /* OpenISO8601DateFormatter.swift */,
				CECB80CB2731A93700BBC386 /* Models */,
				CECB80D02731A93700BBC386 /* Extensions.swift */,
				CECB80D12731A93700BBC386 /* JSONDataEncoding.swift */,
				CECB80D22731A93700BBC386 /* JSONEncodingHelper.swift */,
				CECB80D32731A93700BBC386 /* Models.swift */,
				CECB80D42731A93700BBC386 /* SynchronizedDictionary.swift */,
				CECB80D52731A93700BBC386 /* Configuration.swift */,
			);
			path = Networking;
			sourceTree = "<group>";
		};
		CECB80C62731A93700BBC386 /* APIs */ = {
			isa = PBXGroup;
			children = (
				CECB80C72731A93700BBC386 /* ArticlesAPI.swift */,
			);
			path = APIs;
			sourceTree = "<group>";
		};
		CECB80CB2731A93700BBC386 /* Models */ = {
			isa = PBXGroup;
			children = (
				CECB80CC2731A93700BBC386 /* Source.swift */,
				CECB80CD2731A93700BBC386 /* ArticleList.swift */,
				CECB80CE2731A93700BBC386 /* Article.swift */,
				CECB80CF2731A93700BBC386 /* ErrorModel.swift */,
			);
			path = Models;
			sourceTree = "<group>";
		};
		CECB80D62731A93700BBC386 /* AppCore */ = {
			isa = PBXGroup;
			children = (
				CECB80D72731A93700BBC386 /* CacheService.swift */,
				CECB80D82731A93700BBC386 /* ServiceLocator.swift */,
				CECB80D92731A93700BBC386 /* Inject.swift */,
				CECB80DA2731A93700BBC386 /* NetworkingService.swift */,
				CECB80DB2731A93700BBC386 /* AppCore.swift */,
				CECB80DC2731A93700BBC386 /* RouterService.swift */,
			);
			path = AppCore;
			sourceTree = "<group>";
		};
		CED16B4D2680C4E4003182F7 /* FoodList */ = {
			isa = PBXGroup;
			children = (
				FA9D0952267A729500BB8A4B /* LicensesScreen.swift */,
				CED16B4A2680C2E5003182F7 /* PolicyScreen.swift */,
			);
			path = FoodList;
			sourceTree = "<group>";
		};
		FA9D0932267A6CDD00BB8A4B = {
			isa = PBXGroup;
			children = (
				CECD0FD1271E756800E85AA7 /* OtusMultiPlatform.entitlements */,
				CEA1ED11271DE1FB005DF1B5 /* Shared */,
				CEA1ED1A271DE1FC005DF1B5 /* iOS */,
				CEA1ED21271DE1FC005DF1B5 /* macOS */,
				FA9D093C267A6CDD00BB8A4B /* Products */,
				CE05170D269EE48D00938BDF /* Frameworks */,
			);
			sourceTree = "<group>";
		};
		FA9D093C267A6CDD00BB8A4B /* Products */ = {
			isa = PBXGroup;
			children = (
				CEA1ED19271DE1FC005DF1B5 /* OtusMultiPlatform.app */,
				CEA1ED20271DE1FC005DF1B5 /* OtusMultiPlatform.app */,
			);
			name = Products;
			sourceTree = "<group>";
		};
		FA9D0951267A728600BB8A4B /* About */ = {
			isa = PBXGroup;
			children = (
				CED16B4E2680C4FC003182F7 /* ModalScreen.swift */,
			);
			path = About;
			sourceTree = "<group>";
		};
		FA9D0954267A72D900BB8A4B /* Modifiers */ = {
			isa = PBXGroup;
			children = (
				FA9D0955267A72ED00BB8A4B /* LazyView.swift */,
			);
			path = Modifiers;
			sourceTree = "<group>";
		};
/* End PBXGroup section */

/* Begin PBXNativeTarget section */
		CEA1ED18271DE1FC005DF1B5 /* OtusMultiPlatform (iOS) */ = {
			isa = PBXNativeTarget;
			buildConfigurationList = CEA1ED2E271DE1FC005DF1B5 /* Build configuration list for PBXNativeTarget "OtusMultiPlatform (iOS)" */;
			buildPhases = (
				CEA1ED15271DE1FC005DF1B5 /* Sources */,
				CEA1ED16271DE1FC005DF1B5 /* Frameworks */,
				CEA1ED17271DE1FC005DF1B5 /* Resources */,
			);
			buildRules = (
			);
			dependencies = (
			);
			name = "OtusMultiPlatform (iOS)";
			packageProductDependencies = (
				CECD1007271E75E500E85AA7 /* NavigationStack */,
				CECD1074271E77AC00E85AA7 /* AnyCodable */,
			);
			productName = "OtusMultiPlatform (iOS)";
			productReference = CEA1ED19271DE1FC005DF1B5 /* OtusMultiPlatform.app */;
			productType = "com.apple.product-type.application";
		};
		CEA1ED1F271DE1FC005DF1B5 /* OtusMultiPlatform (macOS) */ = {
			isa = PBXNativeTarget;
			buildConfigurationList = CEA1ED2F271DE1FC005DF1B5 /* Build configuration list for PBXNativeTarget "OtusMultiPlatform (macOS)" */;
			buildPhases = (
				CEA1ED1C271DE1FC005DF1B5 /* Sources */,
				CEA1ED1D271DE1FC005DF1B5 /* Frameworks */,
				CEA1ED1E271DE1FC005DF1B5 /* Resources */,
			);
			buildRules = (
			);
			dependencies = (
			);
			name = "OtusMultiPlatform (macOS)";
			packageProductDependencies = (
				CE01FA5F271E784E00D6EFAB /* AnyCodable */,
				CE01FA65271E785C00D6EFAB /* NavigationStack */,
			);
			productName = "OtusMultiPlatform (macOS)";
			productReference = CEA1ED20271DE1FC005DF1B5 /* OtusMultiPlatform.app */;
			productType = "com.apple.product-type.application";
		};
/* End PBXNativeTarget section */

/* Begin PBXProject section */
		FA9D0933267A6CDD00BB8A4B /* Project object */ = {
			isa = PBXProject;
			attributes = {
				LastSwiftUpdateCheck = 1240;
				LastUpgradeCheck = 1250;
				TargetAttributes = {
					CEA1ED18271DE1FC005DF1B5 = {
						CreatedOnToolsVersion = 12.4;
					};
					CEA1ED1F271DE1FC005DF1B5 = {
						CreatedOnToolsVersion = 12.4;
					};
				};
			};
			buildConfigurationList = FA9D0936267A6CDD00BB8A4B /* Build configuration list for PBXProject "AppSUI" */;
			compatibilityVersion = "Xcode 9.3";
			developmentRegion = en;
			hasScannedForEncodings = 0;
			knownRegions = (
				en,
				Base,
			);
			mainGroup = FA9D0932267A6CDD00BB8A4B;
			packageReferences = (
				CE53725826AAEF58009F4F8E /* XCRemoteSwiftPackageReference "swiftui-navigation-stack" */,
				CE53725C26AAEF70009F4F8E /* XCRemoteSwiftPackageReference "AnyCodable" */,
			);
			productRefGroup = FA9D093C267A6CDD00BB8A4B /* Products */;
			projectDirPath = "";
			projectRoot = "";
			targets = (
				CEA1ED18271DE1FC005DF1B5 /* OtusMultiPlatform (iOS) */,
				CEA1ED1F271DE1FC005DF1B5 /* OtusMultiPlatform (macOS) */,
			);
		};
/* End PBXProject section */

/* Begin PBXResourcesBuildPhase section */
		CEA1ED17271DE1FC005DF1B5 /* Resources */ = {
			isa = PBXResourcesBuildPhase;
			buildActionMask = 2147483647;
			files = (
				CECD1062271E767900E85AA7 /* Assets.xcassets in Resources */,
			);
			runOnlyForDeploymentPostprocessing = 0;
		};
		CEA1ED1E271DE1FC005DF1B5 /* Resources */ = {
			isa = PBXResourcesBuildPhase;
			buildActionMask = 2147483647;
			files = (
				CECD105E271E767900E85AA7 /* Assets.xcassets in Resources */,
			);
			runOnlyForDeploymentPostprocessing = 0;
		};
/* End PBXResourcesBuildPhase section */

/* Begin PBXSourcesBuildPhase section */
		CEA1ED15271DE1FC005DF1B5 /* Sources */ = {
			isa = PBXSourcesBuildPhase;
			buildActionMask = 2147483647;
			files = (
				CECB80EF2731A93700BBC386 /* ErrorModel.swift in Sources */,
				CECB80F72731A93700BBC386 /* Models.swift in Sources */,
				CECB80DD2731A93700BBC386 /* APIHelper.swift in Sources */,
				CECD1030271E766000E85AA7 /* NewsScreen.swift in Sources */,
				CECB80DF2731A93700BBC386 /* URLSessionImplementations.swift in Sources */,
				CECD0FED271E758A00E85AA7 /* DashboardScreen.swift in Sources */,
				CECD1026271E764900E85AA7 /* Optional.swift in Sources */,
				CECD102F271E766000E85AA7 /* NewsCity.swift in Sources */,
				CECD103C271E766500E85AA7 /* SuiView.swift in Sources */,
				CECD0FDD271E758300E85AA7 /* ContentView.swift in Sources */,
				CECB80E52731A93700BBC386 /* APIs.swift in Sources */,
				CECD104E271E766D00E85AA7 /* ModalScreen.swift in Sources */,
				CECD1044271E766900E85AA7 /* PolicyScreen.swift in Sources */,
				CECB80F32731A93700BBC386 /* JSONDataEncoding.swift in Sources */,
				CECB81072731A93700BBC386 /* RouterService.swift in Sources */,
				CECD1056271E767100E85AA7 /* LazyView.swift in Sources */,
				CECB80F92731A93700BBC386 /* SynchronizedDictionary.swift in Sources */,
				CECD1025271E764900E85AA7 /* AnyTransition.swift in Sources */,
				CECB81012731A93700BBC386 /* Inject.swift in Sources */,
				CECD102E271E766000E85AA7 /* NewsExtensions.swift in Sources */,
				CECB80ED2731A93700BBC386 /* Article.swift in Sources */,
				CECB80F52731A93700BBC386 /* JSONEncodingHelper.swift in Sources */,
				CECB81052731A93700BBC386 /* AppCore.swift in Sources */,
				CECB80E92731A93700BBC386 /* Source.swift in Sources */,
				CECD1031271E766000E85AA7 /* NewsViewModel.swift in Sources */,
				CECB80E12731A93700BBC386 /* ArticlesAPI.swift in Sources */,
				CECB80F12731A93700BBC386 /* Extensions.swift in Sources */,
				CECD101B271E764000E85AA7 /* UserScreen.swift in Sources */,
				CECB80E32731A93700BBC386 /* CodableHelper.swift in Sources */,
				CECD0FE5271E758800E85AA7 /* FoodListScreen.swift in Sources */,
				CECD101A271E764000E85AA7 /* UsersScreen.swift in Sources */,
				CECD1027271E764900E85AA7 /* Collection.swift in Sources */,
				CECD0FF5271E758D00E85AA7 /* AboutScreen.swift in Sources */,
				CECB80FB2731A93700BBC386 /* Configuration.swift in Sources */,
				CECB80FD2731A93700BBC386 /* CacheService.swift in Sources */,
				CECD1045271E766900E85AA7 /* LicensesScreen.swift in Sources */,
				CECB80EB2731A93700BBC386 /* ArticleList.swift in Sources */,
				CECB81032731A93700BBC386 /* NetworkingService.swift in Sources */,
				CECB80FF2731A93700BBC386 /* ServiceLocator.swift in Sources */,
				CECB80E72731A93700BBC386 /* OpenISO8601DateFormatter.swift in Sources */,
				CECD1019271E764000E85AA7 /* PhonesScreen.swift in Sources */,
				CECD0FD5271E758000E85AA7 /* AppSUIApp.swift in Sources */,
			);
			runOnlyForDeploymentPostprocessing = 0;
		};
		CEA1ED1C271DE1FC005DF1B5 /* Sources */ = {
			isa = PBXSourcesBuildPhase;
			buildActionMask = 2147483647;
			files = (
				CECB80F02731A93700BBC386 /* ErrorModel.swift in Sources */,
				CECB80F82731A93700BBC386 /* Models.swift in Sources */,
				CECB80DE2731A93700BBC386 /* APIHelper.swift in Sources */,
				CECD1037271E766100E85AA7 /* NewsScreen.swift in Sources */,
				CECB80E02731A93700BBC386 /* URLSessionImplementations.swift in Sources */,
				CECD0FF1271E758B00E85AA7 /* DashboardScreen.swift in Sources */,
				CECD1029271E764A00E85AA7 /* Optional.swift in Sources */,
				CECD1036271E766100E85AA7 /* NewsCity.swift in Sources */,
				CECD1040271E766500E85AA7 /* SuiView.swift in Sources */,
				CECD0FE1271E758300E85AA7 /* ContentView.swift in Sources */,
				CECB80E62731A93700BBC386 /* APIs.swift in Sources */,
				CECD104F271E766D00E85AA7 /* ModalScreen.swift in Sources */,
				CECD1049271E766A00E85AA7 /* PolicyScreen.swift in Sources */,
				CECB80F42731A93700BBC386 /* JSONDataEncoding.swift in Sources */,
				CECB81082731A93700BBC386 /* RouterService.swift in Sources */,
				CECD105A271E767100E85AA7 /* LazyView.swift in Sources */,
				CECB80FA2731A93700BBC386 /* SynchronizedDictionary.swift in Sources */,
				CECD1028271E764A00E85AA7 /* AnyTransition.swift in Sources */,
				CECB81022731A93700BBC386 /* Inject.swift in Sources */,
				CECD1035271E766100E85AA7 /* NewsExtensions.swift in Sources */,
				CECB80EE2731A93700BBC386 /* Article.swift in Sources */,
				CECB80F62731A93700BBC386 /* JSONEncodingHelper.swift in Sources */,
				CECB81062731A93700BBC386 /* AppCore.swift in Sources */,
				CECB80EA2731A93700BBC386 /* Source.swift in Sources */,
				CECD1038271E766100E85AA7 /* NewsViewModel.swift in Sources */,
				CECB80E22731A93700BBC386 /* ArticlesAPI.swift in Sources */,
				CECB80F22731A93700BBC386 /* Extensions.swift in Sources */,
				CECD1021271E764100E85AA7 /* UserScreen.swift in Sources */,
				CECB80E42731A93700BBC386 /* CodableHelper.swift in Sources */,
				CECD0FE9271E758800E85AA7 /* FoodListScreen.swift in Sources */,
				CECD1020271E764100E85AA7 /* UsersScreen.swift in Sources */,
				CECD102A271E764A00E85AA7 /* Collection.swift in Sources */,
				CECD0FF9271E758D00E85AA7 /* AboutScreen.swift in Sources */,
				CECB80FC2731A93700BBC386 /* Configuration.swift in Sources */,
				CECB80FE2731A93700BBC386 /* CacheService.swift in Sources */,
				CECD104A271E766A00E85AA7 /* LicensesScreen.swift in Sources */,
				CECB80EC2731A93700BBC386 /* ArticleList.swift in Sources */,
				CECB81042731A93700BBC386 /* NetworkingService.swift in Sources */,
				CECB81002731A93700BBC386 /* ServiceLocator.swift in Sources */,
				CECB80E82731A93700BBC386 /* OpenISO8601DateFormatter.swift in Sources */,
				CECD101F271E764100E85AA7 /* PhonesScreen.swift in Sources */,
				CECD0FD9271E758000E85AA7 /* AppSUIApp.swift in Sources */,
			);
			runOnlyForDeploymentPostprocessing = 0;
		};
/* End PBXSourcesBuildPhase section */

/* Begin XCBuildConfiguration section */
		CEA1ED2A271DE1FC005DF1B5 /* Debug */ = {
			isa = XCBuildConfiguration;
			buildSettings = {
				ASSETCATALOG_COMPILER_APPICON_NAME = AppIcon;
				ASSETCATALOG_COMPILER_GLOBAL_ACCENT_COLOR_NAME = AccentColor;
				CODE_SIGN_ENTITLEMENTS = OtusMultiPlatform.entitlements;
				CODE_SIGN_STYLE = Automatic;
				ENABLE_PREVIEWS = YES;
				INFOPLIST_FILE = iOS/Info.plist;
				IPHONEOS_DEPLOYMENT_TARGET = 14.0;
				LD_RUNPATH_SEARCH_PATHS = (
					"$(inherited)",
					"@executable_path/Frameworks",
				);
				PRODUCT_BUNDLE_IDENTIFIER = com.homework.OtusMultiPlatform;
				PRODUCT_NAME = OtusMultiPlatform;
				SDKROOT = iphoneos;
				SUPPORTS_MACCATALYST = YES;
				SWIFT_VERSION = 5.0;
				TARGETED_DEVICE_FAMILY = "1,2";
			};
			name = Debug;
		};
		CEA1ED2B271DE1FC005DF1B5 /* Release */ = {
			isa = XCBuildConfiguration;
			buildSettings = {
				ASSETCATALOG_COMPILER_APPICON_NAME = AppIcon;
				ASSETCATALOG_COMPILER_GLOBAL_ACCENT_COLOR_NAME = AccentColor;
				CODE_SIGN_ENTITLEMENTS = OtusMultiPlatform.entitlements;
				CODE_SIGN_STYLE = Automatic;
				ENABLE_PREVIEWS = YES;
				INFOPLIST_FILE = iOS/Info.plist;
				IPHONEOS_DEPLOYMENT_TARGET = 14.0;
				LD_RUNPATH_SEARCH_PATHS = (
					"$(inherited)",
					"@executable_path/Frameworks",
				);
				PRODUCT_BUNDLE_IDENTIFIER = com.homework.OtusMultiPlatform;
				PRODUCT_NAME = OtusMultiPlatform;
				SDKROOT = iphoneos;
				SUPPORTS_MACCATALYST = YES;
				SWIFT_VERSION = 5.0;
				TARGETED_DEVICE_FAMILY = "1,2";
				VALIDATE_PRODUCT = YES;
			};
			name = Release;
		};
		CEA1ED2C271DE1FC005DF1B5 /* Debug */ = {
			isa = XCBuildConfiguration;
			buildSettings = {
				ASSETCATALOG_COMPILER_APPICON_NAME = AppIcon;
				ASSETCATALOG_COMPILER_GLOBAL_ACCENT_COLOR_NAME = AccentColor;
				CODE_SIGN_ENTITLEMENTS = macOS/macOS.entitlements;
				CODE_SIGN_STYLE = Automatic;
				COMBINE_HIDPI_IMAGES = YES;
				ENABLE_PREVIEWS = YES;
				INFOPLIST_FILE = macOS/Info.plist;
				LD_RUNPATH_SEARCH_PATHS = (
					"$(inherited)",
					"@executable_path/../Frameworks",
				);
				MACOSX_DEPLOYMENT_TARGET = 11.0;
				PRODUCT_BUNDLE_IDENTIFIER = com.homework.OtusMultiPlatform;
				PRODUCT_NAME = OtusMultiPlatform;
				SDKROOT = macosx;
				SWIFT_VERSION = 5.0;
			};
			name = Debug;
		};
		CEA1ED2D271DE1FC005DF1B5 /* Release */ = {
			isa = XCBuildConfiguration;
			buildSettings = {
				ASSETCATALOG_COMPILER_APPICON_NAME = AppIcon;
				ASSETCATALOG_COMPILER_GLOBAL_ACCENT_COLOR_NAME = AccentColor;
				CODE_SIGN_ENTITLEMENTS = macOS/macOS.entitlements;
				CODE_SIGN_STYLE = Automatic;
				COMBINE_HIDPI_IMAGES = YES;
				ENABLE_PREVIEWS = YES;
				INFOPLIST_FILE = macOS/Info.plist;
				LD_RUNPATH_SEARCH_PATHS = (
					"$(inherited)",
					"@executable_path/../Frameworks",
				);
				MACOSX_DEPLOYMENT_TARGET = 11.0;
				PRODUCT_BUNDLE_IDENTIFIER = com.homework.OtusMultiPlatform;
				PRODUCT_NAME = OtusMultiPlatform;
				SDKROOT = macosx;
				SWIFT_VERSION = 5.0;
			};
			name = Release;
		};
		FA9D0948267A6CDE00BB8A4B /* Debug */ = {
			isa = XCBuildConfiguration;
			buildSettings = {
				ALWAYS_SEARCH_USER_PATHS = NO;
				CLANG_ANALYZER_NONNULL = YES;
				CLANG_ANALYZER_NUMBER_OBJECT_CONVERSION = YES_AGGRESSIVE;
				CLANG_CXX_LANGUAGE_STANDARD = "gnu++14";
				CLANG_CXX_LIBRARY = "libc++";
				CLANG_ENABLE_MODULES = YES;
				CLANG_ENABLE_OBJC_ARC = YES;
				CLANG_ENABLE_OBJC_WEAK = YES;
				CLANG_WARN_BLOCK_CAPTURE_AUTORELEASING = YES;
				CLANG_WARN_BOOL_CONVERSION = YES;
				CLANG_WARN_COMMA = YES;
				CLANG_WARN_CONSTANT_CONVERSION = YES;
				CLANG_WARN_DEPRECATED_OBJC_IMPLEMENTATIONS = YES;
				CLANG_WARN_DIRECT_OBJC_ISA_USAGE = YES_ERROR;
				CLANG_WARN_DOCUMENTATION_COMMENTS = YES;
				CLANG_WARN_EMPTY_BODY = YES;
				CLANG_WARN_ENUM_CONVERSION = YES;
				CLANG_WARN_INFINITE_RECURSION = YES;
				CLANG_WARN_INT_CONVERSION = YES;
				CLANG_WARN_NON_LITERAL_NULL_CONVERSION = YES;
				CLANG_WARN_OBJC_IMPLICIT_RETAIN_SELF = YES;
				CLANG_WARN_OBJC_LITERAL_CONVERSION = YES;
				CLANG_WARN_OBJC_ROOT_CLASS = YES_ERROR;
				CLANG_WARN_QUOTED_INCLUDE_IN_FRAMEWORK_HEADER = YES;
				CLANG_WARN_RANGE_LOOP_ANALYSIS = YES;
				CLANG_WARN_STRICT_PROTOTYPES = YES;
				CLANG_WARN_SUSPICIOUS_MOVE = YES;
				CLANG_WARN_UNGUARDED_AVAILABILITY = YES_AGGRESSIVE;
				CLANG_WARN_UNREACHABLE_CODE = YES;
				CLANG_WARN__DUPLICATE_METHOD_MATCH = YES;
				COPY_PHASE_STRIP = NO;
				DEBUG_INFORMATION_FORMAT = dwarf;
				ENABLE_STRICT_OBJC_MSGSEND = YES;
				ENABLE_TESTABILITY = YES;
				GCC_C_LANGUAGE_STANDARD = gnu11;
				GCC_DYNAMIC_NO_PIC = NO;
				GCC_NO_COMMON_BLOCKS = YES;
				GCC_OPTIMIZATION_LEVEL = 0;
				GCC_PREPROCESSOR_DEFINITIONS = (
					"DEBUG=1",
					"$(inherited)",
				);
				GCC_WARN_64_TO_32_BIT_CONVERSION = YES;
				GCC_WARN_ABOUT_RETURN_TYPE = YES_ERROR;
				GCC_WARN_UNDECLARED_SELECTOR = YES;
				GCC_WARN_UNINITIALIZED_AUTOS = YES_AGGRESSIVE;
				GCC_WARN_UNUSED_FUNCTION = YES;
				GCC_WARN_UNUSED_VARIABLE = YES;
				IPHONEOS_DEPLOYMENT_TARGET = 14.5;
				MTL_ENABLE_DEBUG_INFO = INCLUDE_SOURCE;
				MTL_FAST_MATH = YES;
				ONLY_ACTIVE_ARCH = YES;
				SDKROOT = iphoneos;
				SWIFT_ACTIVE_COMPILATION_CONDITIONS = DEBUG;
				SWIFT_OPTIMIZATION_LEVEL = "-Onone";
			};
			name = Debug;
		};
		FA9D0949267A6CDE00BB8A4B /* Release */ = {
			isa = XCBuildConfiguration;
			buildSettings = {
				ALWAYS_SEARCH_USER_PATHS = NO;
				CLANG_ANALYZER_NONNULL = YES;
				CLANG_ANALYZER_NUMBER_OBJECT_CONVERSION = YES_AGGRESSIVE;
				CLANG_CXX_LANGUAGE_STANDARD = "gnu++14";
				CLANG_CXX_LIBRARY = "libc++";
				CLANG_ENABLE_MODULES = YES;
				CLANG_ENABLE_OBJC_ARC = YES;
				CLANG_ENABLE_OBJC_WEAK = YES;
				CLANG_WARN_BLOCK_CAPTURE_AUTORELEASING = YES;
				CLANG_WARN_BOOL_CONVERSION = YES;
				CLANG_WARN_COMMA = YES;
				CLANG_WARN_CONSTANT_CONVERSION = YES;
				CLANG_WARN_DEPRECATED_OBJC_IMPLEMENTATIONS = YES;
				CLANG_WARN_DIRECT_OBJC_ISA_USAGE = YES_ERROR;
				CLANG_WARN_DOCUMENTATION_COMMENTS = YES;
				CLANG_WARN_EMPTY_BODY = YES;
				CLANG_WARN_ENUM_CONVERSION = YES;
				CLANG_WARN_INFINITE_RECURSION = YES;
				CLANG_WARN_INT_CONVERSION = YES;
				CLANG_WARN_NON_LITERAL_NULL_CONVERSION = YES;
				CLANG_WARN_OBJC_IMPLICIT_RETAIN_SELF = YES;
				CLANG_WARN_OBJC_LITERAL_CONVERSION = YES;
				CLANG_WARN_OBJC_ROOT_CLASS = YES_ERROR;
				CLANG_WARN_QUOTED_INCLUDE_IN_FRAMEWORK_HEADER = YES;
				CLANG_WARN_RANGE_LOOP_ANALYSIS = YES;
				CLANG_WARN_STRICT_PROTOTYPES = YES;
				CLANG_WARN_SUSPICIOUS_MOVE = YES;
				CLANG_WARN_UNGUARDED_AVAILABILITY = YES_AGGRESSIVE;
				CLANG_WARN_UNREACHABLE_CODE = YES;
				CLANG_WARN__DUPLICATE_METHOD_MATCH = YES;
				COPY_PHASE_STRIP = NO;
				DEBUG_INFORMATION_FORMAT = "dwarf-with-dsym";
				ENABLE_NS_ASSERTIONS = NO;
				ENABLE_STRICT_OBJC_MSGSEND = YES;
				GCC_C_LANGUAGE_STANDARD = gnu11;
				GCC_NO_COMMON_BLOCKS = YES;
				GCC_WARN_64_TO_32_BIT_CONVERSION = YES;
				GCC_WARN_ABOUT_RETURN_TYPE = YES_ERROR;
				GCC_WARN_UNDECLARED_SELECTOR = YES;
				GCC_WARN_UNINITIALIZED_AUTOS = YES_AGGRESSIVE;
				GCC_WARN_UNUSED_FUNCTION = YES;
				GCC_WARN_UNUSED_VARIABLE = YES;
				IPHONEOS_DEPLOYMENT_TARGET = 14.5;
				MTL_ENABLE_DEBUG_INFO = NO;
				MTL_FAST_MATH = YES;
				SDKROOT = iphoneos;
				SWIFT_COMPILATION_MODE = wholemodule;
				SWIFT_OPTIMIZATION_LEVEL = "-O";
				VALIDATE_PRODUCT = YES;
			};
			name = Release;
		};
/* End XCBuildConfiguration section */

/* Begin XCConfigurationList section */
		CEA1ED2E271DE1FC005DF1B5 /* Build configuration list for PBXNativeTarget "OtusMultiPlatform (iOS)" */ = {
			isa = XCConfigurationList;
			buildConfigurations = (
				CEA1ED2A271DE1FC005DF1B5 /* Debug */,
				CEA1ED2B271DE1FC005DF1B5 /* Release */,
			);
			defaultConfigurationIsVisible = 0;
			defaultConfigurationName = Release;
		};
		CEA1ED2F271DE1FC005DF1B5 /* Build configuration list for PBXNativeTarget "OtusMultiPlatform (macOS)" */ = {
			isa = XCConfigurationList;
			buildConfigurations = (
				CEA1ED2C271DE1FC005DF1B5 /* Debug */,
				CEA1ED2D271DE1FC005DF1B5 /* Release */,
			);
			defaultConfigurationIsVisible = 0;
			defaultConfigurationName = Release;
		};
		FA9D0936267A6CDD00BB8A4B /* Build configuration list for PBXProject "AppSUI" */ = {
			isa = XCConfigurationList;
			buildConfigurations = (
				FA9D0948267A6CDE00BB8A4B /* Debug */,
				FA9D0949267A6CDE00BB8A4B /* Release */,
			);
			defaultConfigurationIsVisible = 0;
			defaultConfigurationName = Release;
		};
/* End XCConfigurationList section */

/* Begin XCRemoteSwiftPackageReference section */
		CE53725826AAEF58009F4F8E /* XCRemoteSwiftPackageReference "swiftui-navigation-stack" */ = {
			isa = XCRemoteSwiftPackageReference;
			repositoryURL = "https://github.com/matteopuc/swiftui-navigation-stack.git";
			requirement = {
				kind = upToNextMajorVersion;
				minimumVersion = 1.0.3;
			};
		};
		CE53725C26AAEF70009F4F8E /* XCRemoteSwiftPackageReference "AnyCodable" */ = {
			isa = XCRemoteSwiftPackageReference;
			repositoryURL = "https://github.com/Flight-School/AnyCodable.git";
			requirement = {
				kind = upToNextMajorVersion;
				minimumVersion = 0.6.1;
			};
		};
/* End XCRemoteSwiftPackageReference section */

/* Begin XCSwiftPackageProductDependency section */
		CE01FA5F271E784E00D6EFAB /* AnyCodable */ = {
			isa = XCSwiftPackageProductDependency;
			package = CE53725C26AAEF70009F4F8E /* XCRemoteSwiftPackageReference "AnyCodable" */;
			productName = AnyCodable;
		};
		CE01FA65271E785C00D6EFAB /* NavigationStack */ = {
			isa = XCSwiftPackageProductDependency;
			package = CE53725826AAEF58009F4F8E /* XCRemoteSwiftPackageReference "swiftui-navigation-stack" */;
			productName = NavigationStack;
		};
		CECD1007271E75E500E85AA7 /* NavigationStack */ = {
			isa = XCSwiftPackageProductDependency;
			package = CE53725826AAEF58009F4F8E /* XCRemoteSwiftPackageReference "swiftui-navigation-stack" */;
			productName = NavigationStack;
		};
		CECD1074271E77AC00E85AA7 /* AnyCodable */ = {
			isa = XCSwiftPackageProductDependency;
			package = CE53725C26AAEF70009F4F8E /* XCRemoteSwiftPackageReference "AnyCodable" */;
			productName = AnyCodable;
		};
/* End XCSwiftPackageProductDependency section */
	};
	rootObject = FA9D0933267A6CDD00BB8A4B /* Project object */;
}
