// !$*UTF8*$!
{
	archiveVersion = 1;
	classes = {
	};
	objectVersion = 50;
	objects = {

/* Begin PBXBuildFile section */
		CE12A65826C961FB005C8040 /* SuffixSequence.swift in Sources */ = {isa = PBXBuildFile; fileRef = CE12A65726C961FB005C8040 /* SuffixSequence.swift */; };
		CEE3C53126C90A8C00EA11AF /* SuffixApp.swift in Sources */ = {isa = PBXBuildFile; fileRef = CEE3C53026C90A8C00EA11AF /* SuffixApp.swift */; };
		CEE3C53526C90A8C00EA11AF /* Assets.xcassets in Resources */ = {isa = PBXBuildFile; fileRef = CEE3C53426C90A8C00EA11AF /* Assets.xcassets */; };
		CEE3C53826C90A8C00EA11AF /* Preview Assets.xcassets in Resources */ = {isa = PBXBuildFile; fileRef = CEE3C53726C90A8C00EA11AF /* Preview Assets.xcassets */; };
		CEE3C54726C90AC300EA11AF /* WidgetKit.framework in Frameworks */ = {isa = PBXBuildFile; fileRef = CEE3C54626C90AC300EA11AF /* WidgetKit.framework */; };
		CEE3C54926C90AC300EA11AF /* SwiftUI.framework in Frameworks */ = {isa = PBXBuildFile; fileRef = CEE3C54826C90AC300EA11AF /* SwiftUI.framework */; };
		CEE3C54C26C90AC300EA11AF /* SuffixWidget.swift in Sources */ = {isa = PBXBuildFile; fileRef = CEE3C54B26C90AC300EA11AF /* SuffixWidget.swift */; };
		CEE3C54F26C90AC300EA11AF /* Assets.xcassets in Resources */ = {isa = PBXBuildFile; fileRef = CEE3C54E26C90AC300EA11AF /* Assets.xcassets */; };
		CEE3C55126C90AC300EA11AF /* SuffixWidget.intentdefinition in Sources */ = {isa = PBXBuildFile; fileRef = CEE3C54D26C90AC300EA11AF /* SuffixWidget.intentdefinition */; };
		CEE3C55226C90AC300EA11AF /* SuffixWidget.intentdefinition in Sources */ = {isa = PBXBuildFile; fileRef = CEE3C54D26C90AC300EA11AF /* SuffixWidget.intentdefinition */; };
		CEE3C55526C90AC300EA11AF /* SuffixWidgetExtension.appex in Embed App Extensions */ = {isa = PBXBuildFile; fileRef = CEE3C54426C90AC300EA11AF /* SuffixWidgetExtension.appex */; settings = {ATTRIBUTES = (RemoveHeadersOnCopy, ); }; };
		CEE3C55D26C9312600EA11AF /* TextFieldScreen.swift in Sources */ = {isa = PBXBuildFile; fileRef = CEE3C55C26C9312600EA11AF /* TextFieldScreen.swift */; };
		CEE3C56126C9370700EA11AF /* SequenceScreen.swift in Sources */ = {isa = PBXBuildFile; fileRef = CEE3C56026C9370700EA11AF /* SequenceScreen.swift */; };
/* End PBXBuildFile section */

/* Begin PBXContainerItemProxy section */
		CEE3C55326C90AC300EA11AF /* PBXContainerItemProxy */ = {
			isa = PBXContainerItemProxy;
			containerPortal = CEE3C52526C90A8C00EA11AF /* Project object */;
			proxyType = 1;
			remoteGlobalIDString = CEE3C54326C90AC300EA11AF;
			remoteInfo = SuffixWidgetExtension;
		};
/* End PBXContainerItemProxy section */

/* Begin PBXCopyFilesBuildPhase section */
		CEE3C55926C90AC300EA11AF /* Embed App Extensions */ = {
			isa = PBXCopyFilesBuildPhase;
			buildActionMask = 2147483647;
			dstPath = "";
			dstSubfolderSpec = 13;
			files = (
				CEE3C55526C90AC300EA11AF /* SuffixWidgetExtension.appex in Embed App Extensions */,
			);
			name = "Embed App Extensions";
			runOnlyForDeploymentPostprocessing = 0;
		};
/* End PBXCopyFilesBuildPhase section */

/* Begin PBXFileReference section */
		CE12A65726C961FB005C8040 /* SuffixSequence.swift */ = {isa = PBXFileReference; lastKnownFileType = sourcecode.swift; path = SuffixSequence.swift; sourceTree = "<group>"; };
		CEE3C52D26C90A8C00EA11AF /* Suffix.app */ = {isa = PBXFileReference; explicitFileType = wrapper.application; includeInIndex = 0; path = Suffix.app; sourceTree = BUILT_PRODUCTS_DIR; };
		CEE3C53026C90A8C00EA11AF /* SuffixApp.swift */ = {isa = PBXFileReference; lastKnownFileType = sourcecode.swift; path = SuffixApp.swift; sourceTree = "<group>"; };
		CEE3C53426C90A8C00EA11AF /* Assets.xcassets */ = {isa = PBXFileReference; lastKnownFileType = folder.assetcatalog; path = Assets.xcassets; sourceTree = "<group>"; };
		CEE3C53726C90A8C00EA11AF /* Preview Assets.xcassets */ = {isa = PBXFileReference; lastKnownFileType = folder.assetcatalog; path = "Preview Assets.xcassets"; sourceTree = "<group>"; };
		CEE3C53926C90A8C00EA11AF /* Info.plist */ = {isa = PBXFileReference; lastKnownFileType = text.plist.xml; path = Info.plist; sourceTree = "<group>"; };
		CEE3C54426C90AC300EA11AF /* SuffixWidgetExtension.appex */ = {isa = PBXFileReference; explicitFileType = "wrapper.app-extension"; includeInIndex = 0; path = SuffixWidgetExtension.appex; sourceTree = BUILT_PRODUCTS_DIR; };
		CEE3C54626C90AC300EA11AF /* WidgetKit.framework */ = {isa = PBXFileReference; lastKnownFileType = wrapper.framework; name = WidgetKit.framework; path = System/Library/Frameworks/WidgetKit.framework; sourceTree = SDKROOT; };
		CEE3C54826C90AC300EA11AF /* SwiftUI.framework */ = {isa = PBXFileReference; lastKnownFileType = wrapper.framework; name = SwiftUI.framework; path = System/Library/Frameworks/SwiftUI.framework; sourceTree = SDKROOT; };
		CEE3C54B26C90AC300EA11AF /* SuffixWidget.swift */ = {isa = PBXFileReference; lastKnownFileType = sourcecode.swift; path = SuffixWidget.swift; sourceTree = "<group>"; };
		CEE3C54D26C90AC300EA11AF /* SuffixWidget.intentdefinition */ = {isa = PBXFileReference; lastKnownFileType = file.intentdefinition; path = SuffixWidget.intentdefinition; sourceTree = "<group>"; };
		CEE3C54E26C90AC300EA11AF /* Assets.xcassets */ = {isa = PBXFileReference; lastKnownFileType = folder.assetcatalog; path = Assets.xcassets; sourceTree = "<group>"; };
		CEE3C55026C90AC300EA11AF /* Info.plist */ = {isa = PBXFileReference; lastKnownFileType = text.plist.xml; path = Info.plist; sourceTree = "<group>"; };
		CEE3C55C26C9312600EA11AF /* TextFieldScreen.swift */ = {isa = PBXFileReference; lastKnownFileType = sourcecode.swift; path = TextFieldScreen.swift; sourceTree = "<group>"; };
		CEE3C56026C9370700EA11AF /* SequenceScreen.swift */ = {isa = PBXFileReference; lastKnownFileType = sourcecode.swift; path = SequenceScreen.swift; sourceTree = "<group>"; };
/* End PBXFileReference section */

/* Begin PBXFrameworksBuildPhase section */
		CEE3C52A26C90A8C00EA11AF /* Frameworks */ = {
			isa = PBXFrameworksBuildPhase;
			buildActionMask = 2147483647;
			files = (
			);
			runOnlyForDeploymentPostprocessing = 0;
		};
		CEE3C54126C90AC300EA11AF /* Frameworks */ = {
			isa = PBXFrameworksBuildPhase;
			buildActionMask = 2147483647;
			files = (
				CEE3C54926C90AC300EA11AF /* SwiftUI.framework in Frameworks */,
				CEE3C54726C90AC300EA11AF /* WidgetKit.framework in Frameworks */,
			);
			runOnlyForDeploymentPostprocessing = 0;
		};
/* End PBXFrameworksBuildPhase section */

/* Begin PBXGroup section */
		CEE3C52426C90A8C00EA11AF = {
			isa = PBXGroup;
			children = (
				CEE3C52F26C90A8C00EA11AF /* Suffix */,
				CEE3C54A26C90AC300EA11AF /* SuffixWidget */,
				CEE3C54526C90AC300EA11AF /* Frameworks */,
				CEE3C52E26C90A8C00EA11AF /* Products */,
			);
			sourceTree = "<group>";
		};
		CEE3C52E26C90A8C00EA11AF /* Products */ = {
			isa = PBXGroup;
			children = (
				CEE3C52D26C90A8C00EA11AF /* Suffix.app */,
				CEE3C54426C90AC300EA11AF /* SuffixWidgetExtension.appex */,
			);
			name = Products;
			sourceTree = "<group>";
		};
		CEE3C52F26C90A8C00EA11AF /* Suffix */ = {
			isa = PBXGroup;
			children = (
				CEE3C53026C90A8C00EA11AF /* SuffixApp.swift */,
				CEE3C53426C90A8C00EA11AF /* Assets.xcassets */,
				CEE3C53926C90A8C00EA11AF /* Info.plist */,
				CEE3C53626C90A8C00EA11AF /* Preview Content */,
				CEE3C55C26C9312600EA11AF /* TextFieldScreen.swift */,
				CEE3C56026C9370700EA11AF /* SequenceScreen.swift */,
				CE12A65726C961FB005C8040 /* SuffixSequence.swift */,
			);
			path = Suffix;
			sourceTree = "<group>";
		};
		CEE3C53626C90A8C00EA11AF /* Preview Content */ = {
			isa = PBXGroup;
			children = (
				CEE3C53726C90A8C00EA11AF /* Preview Assets.xcassets */,
			);
			path = "Preview Content";
			sourceTree = "<group>";
		};
		CEE3C54526C90AC300EA11AF /* Frameworks */ = {
			isa = PBXGroup;
			children = (
				CEE3C54626C90AC300EA11AF /* WidgetKit.framework */,
				CEE3C54826C90AC300EA11AF /* SwiftUI.framework */,
			);
			name = Frameworks;
			sourceTree = "<group>";
		};
		CEE3C54A26C90AC300EA11AF /* SuffixWidget */ = {
			isa = PBXGroup;
			children = (
				CEE3C54B26C90AC300EA11AF /* SuffixWidget.swift */,
				CEE3C54D26C90AC300EA11AF /* SuffixWidget.intentdefinition */,
				CEE3C54E26C90AC300EA11AF /* Assets.xcassets */,
				CEE3C55026C90AC300EA11AF /* Info.plist */,
			);
			path = SuffixWidget;
			sourceTree = "<group>";
		};
/* End PBXGroup section */

/* Begin PBXNativeTarget section */
		CEE3C52C26C90A8C00EA11AF /* Suffix */ = {
			isa = PBXNativeTarget;
			buildConfigurationList = CEE3C53C26C90A8C00EA11AF /* Build configuration list for PBXNativeTarget "Suffix" */;
			buildPhases = (
				CEE3C52926C90A8C00EA11AF /* Sources */,
				CEE3C52A26C90A8C00EA11AF /* Frameworks */,
				CEE3C52B26C90A8C00EA11AF /* Resources */,
				CEE3C55926C90AC300EA11AF /* Embed App Extensions */,
			);
			buildRules = (
			);
			dependencies = (
				CEE3C55426C90AC300EA11AF /* PBXTargetDependency */,
			);
			name = Suffix;
			productName = Suffix;
			productReference = CEE3C52D26C90A8C00EA11AF /* Suffix.app */;
			productType = "com.apple.product-type.application";
		};
		CEE3C54326C90AC300EA11AF /* SuffixWidgetExtension */ = {
			isa = PBXNativeTarget;
			buildConfigurationList = CEE3C55626C90AC300EA11AF /* Build configuration list for PBXNativeTarget "SuffixWidgetExtension" */;
			buildPhases = (
				CEE3C54026C90AC300EA11AF /* Sources */,
				CEE3C54126C90AC300EA11AF /* Frameworks */,
				CEE3C54226C90AC300EA11AF /* Resources */,
			);
			buildRules = (
			);
			dependencies = (
			);
			name = SuffixWidgetExtension;
			productName = SuffixWidgetExtension;
			productReference = CEE3C54426C90AC300EA11AF /* SuffixWidgetExtension.appex */;
			productType = "com.apple.product-type.app-extension";
		};
/* End PBXNativeTarget section */

/* Begin PBXProject section */
		CEE3C52526C90A8C00EA11AF /* Project object */ = {
			isa = PBXProject;
			attributes = {
				LastSwiftUpdateCheck = 1240;
				LastUpgradeCheck = 1240;
				TargetAttributes = {
					CEE3C52C26C90A8C00EA11AF = {
						CreatedOnToolsVersion = 12.4;
					};
					CEE3C54326C90AC300EA11AF = {
						CreatedOnToolsVersion = 12.4;
					};
				};
			};
			buildConfigurationList = CEE3C52826C90A8C00EA11AF /* Build configuration list for PBXProject "Suffix" */;
			compatibilityVersion = "Xcode 9.3";
			developmentRegion = en;
			hasScannedForEncodings = 0;
			knownRegions = (
				en,
				Base,
			);
			mainGroup = CEE3C52426C90A8C00EA11AF;
			productRefGroup = CEE3C52E26C90A8C00EA11AF /* Products */;
			projectDirPath = "";
			projectRoot = "";
			targets = (
				CEE3C52C26C90A8C00EA11AF /* Suffix */,
				CEE3C54326C90AC300EA11AF /* SuffixWidgetExtension */,
			);
		};
/* End PBXProject section */

/* Begin PBXResourcesBuildPhase section */
		CEE3C52B26C90A8C00EA11AF /* Resources */ = {
			isa = PBXResourcesBuildPhase;
			buildActionMask = 2147483647;
			files = (
				CEE3C53826C90A8C00EA11AF /* Preview Assets.xcassets in Resources */,
				CEE3C53526C90A8C00EA11AF /* Assets.xcassets in Resources */,
			);
			runOnlyForDeploymentPostprocessing = 0;
		};
		CEE3C54226C90AC300EA11AF /* Resources */ = {
			isa = PBXResourcesBuildPhase;
			buildActionMask = 2147483647;
			files = (
				CEE3C54F26C90AC300EA11AF /* Assets.xcassets in Resources */,
			);
			runOnlyForDeploymentPostprocessing = 0;
		};
/* End PBXResourcesBuildPhase section */

/* Begin PBXSourcesBuildPhase section */
		CEE3C52926C90A8C00EA11AF /* Sources */ = {
			isa = PBXSourcesBuildPhase;
			buildActionMask = 2147483647;
			files = (
				CE12A65826C961FB005C8040 /* SuffixSequence.swift in Sources */,
				CEE3C55D26C9312600EA11AF /* TextFieldScreen.swift in Sources */,
				CEE3C56126C9370700EA11AF /* SequenceScreen.swift in Sources */,
				CEE3C53126C90A8C00EA11AF /* SuffixApp.swift in Sources */,
				CEE3C55226C90AC300EA11AF /* SuffixWidget.intentdefinition in Sources */,
			);
			runOnlyForDeploymentPostprocessing = 0;
		};
		CEE3C54026C90AC300EA11AF /* Sources */ = {
			isa = PBXSourcesBuildPhase;
			buildActionMask = 2147483647;
			files = (
				CEE3C54C26C90AC300EA11AF /* SuffixWidget.swift in Sources */,
				CEE3C55126C90AC300EA11AF /* SuffixWidget.intentdefinition in Sources */,
			);
			runOnlyForDeploymentPostprocessing = 0;
		};
/* End PBXSourcesBuildPhase section */

/* Begin PBXTargetDependency section */
		CEE3C55426C90AC300EA11AF /* PBXTargetDependency */ = {
			isa = PBXTargetDependency;
			target = CEE3C54326C90AC300EA11AF /* SuffixWidgetExtension */;
			targetProxy = CEE3C55326C90AC300EA11AF /* PBXContainerItemProxy */;
		};
/* End PBXTargetDependency section */

/* Begin XCBuildConfiguration section */
		CEE3C53A26C90A8C00EA11AF /* Debug */ = {
			isa = XCBuildConfiguration;
			buildSettings = {
				ALWAYS_SEARCH_USER_PATHS = NO;
				CLANG_ANALYZER_NONNULL = YES;
				CLANG_ANALYZER_NUMBER_OBJECT_CONVERSION = YES_AGGRESSIVE;
				CLANG_CXX_LANGUAGE_STANDARD = "gnu++14";
				CLANG_CXX_LIBRARY = "libc++";
				CLANG_ENABLE_MODULES = YES;
				CLANG_ENABLE_OBJC_ARC = YES;
				CLANG_ENABLE_OBJC_WEAK = YES;
				CLANG_WARN_BLOCK_CAPTURE_AUTORELEASING = YES;
				CLANG_WARN_BOOL_CONVERSION = YES;
				CLANG_WARN_COMMA = YES;
				CLANG_WARN_CONSTANT_CONVERSION = YES;
				CLANG_WARN_DEPRECATED_OBJC_IMPLEMENTATIONS = YES;
				CLANG_WARN_DIRECT_OBJC_ISA_USAGE = YES_ERROR;
				CLANG_WARN_DOCUMENTATION_COMMENTS = YES;
				CLANG_WARN_EMPTY_BODY = YES;
				CLANG_WARN_ENUM_CONVERSION = YES;
				CLANG_WARN_INFINITE_RECURSION = YES;
				CLANG_WARN_INT_CONVERSION = YES;
				CLANG_WARN_NON_LITERAL_NULL_CONVERSION = YES;
				CLANG_WARN_OBJC_IMPLICIT_RETAIN_SELF = YES;
				CLANG_WARN_OBJC_LITERAL_CONVERSION = YES;
				CLANG_WARN_OBJC_ROOT_CLASS = YES_ERROR;
				CLANG_WARN_QUOTED_INCLUDE_IN_FRAMEWORK_HEADER = YES;
				CLANG_WARN_RANGE_LOOP_ANALYSIS = YES;
				CLANG_WARN_STRICT_PROTOTYPES = YES;
				CLANG_WARN_SUSPICIOUS_MOVE = YES;
				CLANG_WARN_UNGUARDED_AVAILABILITY = YES_AGGRESSIVE;
				CLANG_WARN_UNREACHABLE_CODE = YES;
				CLANG_WARN__DUPLICATE_METHOD_MATCH = YES;
				COPY_PHASE_STRIP = NO;
				DEBUG_INFORMATION_FORMAT = dwarf;
				ENABLE_STRICT_OBJC_MSGSEND = YES;
				ENABLE_TESTABILITY = YES;
				GCC_C_LANGUAGE_STANDARD = gnu11;
				GCC_DYNAMIC_NO_PIC = NO;
				GCC_NO_COMMON_BLOCKS = YES;
				GCC_OPTIMIZATION_LEVEL = 0;
				GCC_PREPROCESSOR_DEFINITIONS = (
					"DEBUG=1",
					"$(inherited)",
				);
				GCC_WARN_64_TO_32_BIT_CONVERSION = YES;
				GCC_WARN_ABOUT_RETURN_TYPE = YES_ERROR;
				GCC_WARN_UNDECLARED_SELECTOR = YES;
				GCC_WARN_UNINITIALIZED_AUTOS = YES_AGGRESSIVE;
				GCC_WARN_UNUSED_FUNCTION = YES;
				GCC_WARN_UNUSED_VARIABLE = YES;
				IPHONEOS_DEPLOYMENT_TARGET = 14.4;
				MTL_ENABLE_DEBUG_INFO = INCLUDE_SOURCE;
				MTL_FAST_MATH = YES;
				ONLY_ACTIVE_ARCH = YES;
				SDKROOT = iphoneos;
				SWIFT_ACTIVE_COMPILATION_CONDITIONS = DEBUG;
				SWIFT_OPTIMIZATION_LEVEL = "-Onone";
			};
			name = Debug;
		};
		CEE3C53B26C90A8C00EA11AF /* Release */ = {
			isa = XCBuildConfiguration;
			buildSettings = {
				ALWAYS_SEARCH_USER_PATHS = NO;
				CLANG_ANALYZER_NONNULL = YES;
				CLANG_ANALYZER_NUMBER_OBJECT_CONVERSION = YES_AGGRESSIVE;
				CLANG_CXX_LANGUAGE_STANDARD = "gnu++14";
				CLANG_CXX_LIBRARY = "libc++";
				CLANG_ENABLE_MODULES = YES;
				CLANG_ENABLE_OBJC_ARC = YES;
				CLANG_ENABLE_OBJC_WEAK = YES;
				CLANG_WARN_BLOCK_CAPTURE_AUTORELEASING = YES;
				CLANG_WARN_BOOL_CONVERSION = YES;
				CLANG_WARN_COMMA = YES;
				CLANG_WARN_CONSTANT_CONVERSION = YES;
				CLANG_WARN_DEPRECATED_OBJC_IMPLEMENTATIONS = YES;
				CLANG_WARN_DIRECT_OBJC_ISA_USAGE = YES_ERROR;
				CLANG_WARN_DOCUMENTATION_COMMENTS = YES;
				CLANG_WARN_EMPTY_BODY = YES;
				CLANG_WARN_ENUM_CONVERSION = YES;
				CLANG_WARN_INFINITE_RECURSION = YES;
				CLANG_WARN_INT_CONVERSION = YES;
				CLANG_WARN_NON_LITERAL_NULL_CONVERSION = YES;
				CLANG_WARN_OBJC_IMPLICIT_RETAIN_SELF = YES;
				CLANG_WARN_OBJC_LITERAL_CONVERSION = YES;
				CLANG_WARN_OBJC_ROOT_CLASS = YES_ERROR;
				CLANG_WARN_QUOTED_INCLUDE_IN_FRAMEWORK_HEADER = YES;
				CLANG_WARN_RANGE_LOOP_ANALYSIS = YES;
				CLANG_WARN_STRICT_PROTOTYPES = YES;
				CLANG_WARN_SUSPICIOUS_MOVE = YES;
				CLANG_WARN_UNGUARDED_AVAILABILITY = YES_AGGRESSIVE;
				CLANG_WARN_UNREACHABLE_CODE = YES;
				CLANG_WARN__DUPLICATE_METHOD_MATCH = YES;
				COPY_PHASE_STRIP = NO;
				DEBUG_INFORMATION_FORMAT = "dwarf-with-dsym";
				ENABLE_NS_ASSERTIONS = NO;
				ENABLE_STRICT_OBJC_MSGSEND = YES;
				GCC_C_LANGUAGE_STANDARD = gnu11;
				GCC_NO_COMMON_BLOCKS = YES;
				GCC_WARN_64_TO_32_BIT_CONVERSION = YES;
				GCC_WARN_ABOUT_RETURN_TYPE = YES_ERROR;
				GCC_WARN_UNDECLARED_SELECTOR = YES;
				GCC_WARN_UNINITIALIZED_AUTOS = YES_AGGRESSIVE;
				GCC_WARN_UNUSED_FUNCTION = YES;
				GCC_WARN_UNUSED_VARIABLE = YES;
				IPHONEOS_DEPLOYMENT_TARGET = 14.4;
				MTL_ENABLE_DEBUG_INFO = NO;
				MTL_FAST_MATH = YES;
				SDKROOT = iphoneos;
				SWIFT_COMPILATION_MODE = wholemodule;
				SWIFT_OPTIMIZATION_LEVEL = "-O";
				VALIDATE_PRODUCT = YES;
			};
			name = Release;
		};
		CEE3C53D26C90A8C00EA11AF /* Debug */ = {
			isa = XCBuildConfiguration;
			buildSettings = {
				ALWAYS_EMBED_SWIFT_STANDARD_LIBRARIES = YES;
				ASSETCATALOG_COMPILER_APPICON_NAME = AppIcon;
				ASSETCATALOG_COMPILER_GLOBAL_ACCENT_COLOR_NAME = AccentColor;
				CODE_SIGN_STYLE = Automatic;
				DEVELOPMENT_ASSET_PATHS = "\"Suffix/Preview Content\"";
				ENABLE_PREVIEWS = YES;
				INFOPLIST_FILE = Suffix/Info.plist;
				IPHONEOS_DEPLOYMENT_TARGET = 14.0;
				LD_RUNPATH_SEARCH_PATHS = (
					"$(inherited)",
					"@executable_path/Frameworks",
				);
				PRODUCT_BUNDLE_IDENTIFIER = com.homework.Suffix;
				PRODUCT_NAME = "$(TARGET_NAME)";
				SWIFT_VERSION = 5.0;
				TARGETED_DEVICE_FAMILY = "1,2";
			};
			name = Debug;
		};
		CEE3C53E26C90A8C00EA11AF /* Release */ = {
			isa = XCBuildConfiguration;
			buildSettings = {
				ALWAYS_EMBED_SWIFT_STANDARD_LIBRARIES = YES;
				ASSETCATALOG_COMPILER_APPICON_NAME = AppIcon;
				ASSETCATALOG_COMPILER_GLOBAL_ACCENT_COLOR_NAME = AccentColor;
				CODE_SIGN_STYLE = Automatic;
				DEVELOPMENT_ASSET_PATHS = "\"Suffix/Preview Content\"";
				ENABLE_PREVIEWS = YES;
				INFOPLIST_FILE = Suffix/Info.plist;
				IPHONEOS_DEPLOYMENT_TARGET = 14.0;
				LD_RUNPATH_SEARCH_PATHS = (
					"$(inherited)",
					"@executable_path/Frameworks",
				);
				PRODUCT_BUNDLE_IDENTIFIER = com.homework.Suffix;
				PRODUCT_NAME = "$(TARGET_NAME)";
				SWIFT_VERSION = 5.0;
				TARGETED_DEVICE_FAMILY = "1,2";
			};
			name = Release;
		};
		CEE3C55726C90AC300EA11AF /* Debug */ = {
			isa = XCBuildConfiguration;
			buildSettings = {
				ASSETCATALOG_COMPILER_GLOBAL_ACCENT_COLOR_NAME = AccentColor;
				ASSETCATALOG_COMPILER_WIDGET_BACKGROUND_COLOR_NAME = WidgetBackground;
				CODE_SIGN_STYLE = Automatic;
				INFOPLIST_FILE = SuffixWidget/Info.plist;
				LD_RUNPATH_SEARCH_PATHS = (
					"$(inherited)",
					"@executable_path/Frameworks",
					"@executable_path/../../Frameworks",
				);
				PRODUCT_BUNDLE_IDENTIFIER = com.homework.Suffix.SuffixWidget;
				PRODUCT_NAME = "$(TARGET_NAME)";
				SKIP_INSTALL = YES;
				SWIFT_VERSION = 5.0;
				TARGETED_DEVICE_FAMILY = "1,2";
			};
			name = Debug;
		};
		CEE3C55826C90AC300EA11AF /* Release */ = {
			isa = XCBuildConfiguration;
			buildSettings = {
				ASSETCATALOG_COMPILER_GLOBAL_ACCENT_COLOR_NAME = AccentColor;
				ASSETCATALOG_COMPILER_WIDGET_BACKGROUND_COLOR_NAME = WidgetBackground;
				CODE_SIGN_STYLE = Automatic;
				INFOPLIST_FILE = SuffixWidget/Info.plist;
				LD_RUNPATH_SEARCH_PATHS = (
					"$(inherited)",
					"@executable_path/Frameworks",
					"@executable_path/../../Frameworks",
				);
				PRODUCT_BUNDLE_IDENTIFIER = com.homework.Suffix.SuffixWidget;
				PRODUCT_NAME = "$(TARGET_NAME)";
				SKIP_INSTALL = YES;
				SWIFT_VERSION = 5.0;
				TARGETED_DEVICE_FAMILY = "1,2";
			};
			name = Release;
		};
/* End XCBuildConfiguration section */

/* Begin XCConfigurationList section */
		CEE3C52826C90A8C00EA11AF /* Build configuration list for PBXProject "Suffix" */ = {
			isa = XCConfigurationList;
			buildConfigurations = (
				CEE3C53A26C90A8C00EA11AF /* Debug */,
				CEE3C53B26C90A8C00EA11AF /* Release */,
			);
			defaultConfigurationIsVisible = 0;
			defaultConfigurationName = Release;
		};
		CEE3C53C26C90A8C00EA11AF /* Build configuration list for PBXNativeTarget "Suffix" */ = {
			isa = XCConfigurationList;
			buildConfigurations = (
				CEE3C53D26C90A8C00EA11AF /* Debug */,
				CEE3C53E26C90A8C00EA11AF /* Release */,
			);
			defaultConfigurationIsVisible = 0;
			defaultConfigurationName = Release;
		};
		CEE3C55626C90AC300EA11AF /* Build configuration list for PBXNativeTarget "SuffixWidgetExtension" */ = {
			isa = XCConfigurationList;
			buildConfigurations = (
				CEE3C55726C90AC300EA11AF /* Debug */,
				CEE3C55826C90AC300EA11AF /* Release */,
			);
			defaultConfigurationIsVisible = 0;
			defaultConfigurationName = Release;
		};
/* End XCConfigurationList section */
	};
	rootObject = CEE3C52526C90A8C00EA11AF /* Project object */;
}
