{
  "object": {
    "pins": [
      {
        "package": "AnyCodable",
        "repositoryURL": "https://github.com/Flight-School/AnyCodable.git",
        "state": {
          "branch": null,
          "revision": "b1a7a8a6186f2fcb28f7bda67cfc545de48b3c80",
          "version": "0.6.2"
        }
      },
      {
        "package": "NavigationStack",
        "repositoryURL": "https://github.com/matteopuc/swiftui-navigation-stack.git",
        "state": {
          "branch": null,
          "revision": "be0db68ed0d84ed543bf8f7600a1f84de015f753",
          "version": "1.0.4"
        }
      }
    ]
  },
  "version": 1
}
